// !$*UTF8*$!
{
	archiveVersion = 1;
	classes = {
	};
	objectVersion = 46;
	objects = {

/* Begin PBXBuildFile section */
		AF081E801A9FBF7900DF2510 /* DPAlertViewController.swift in Sources */ = {isa = PBXBuildFile; fileRef = AF081E7F1A9FBF7900DF2510 /* DPAlertViewController.swift */; };
		AFCE20FE1A5F3A2200632744 /* AppDelegate.swift in Sources */ = {isa = PBXBuildFile; fileRef = AFCE20FD1A5F3A2200632744 /* AppDelegate.swift */; };
		AFCE21031A5F3A2200632744 /* Main.storyboard in Resources */ = {isa = PBXBuildFile; fileRef = AFCE21011A5F3A2200632744 /* Main.storyboard */; };
		AFCE21051A5F3A2200632744 /* Images.xcassets in Resources */ = {isa = PBXBuildFile; fileRef = AFCE21041A5F3A2200632744 /* Images.xcassets */; };
		AFCE21141A5F3A2200632744 /* MobileSimulatorTests.swift in Sources */ = {isa = PBXBuildFile; fileRef = AFCE21131A5F3A2200632744 /* MobileSimulatorTests.swift */; };
		AFE7A75D1A9CFD6A0039FEE4 /* tabbar_bg_black.png in Resources */ = {isa = PBXBuildFile; fileRef = AFE7A75B1A9CFD6A0039FEE4 /* tabbar_bg_black.png */; };
		AFE7A75E1A9CFD6A0039FEE4 /* tabbar_bg_black@2x.png in Resources */ = {isa = PBXBuildFile; fileRef = AFE7A75C1A9CFD6A0039FEE4 /* tabbar_bg_black@2x.png */; };
		AFE7A7651A9D00460039FEE4 /* au_deselected@2x.png in Resources */ = {isa = PBXBuildFile; fileRef = AFE7A75F1A9D00460039FEE4 /* au_deselected@2x.png */; };
		AFE7A7661A9D00460039FEE4 /* au_selected@2x.png in Resources */ = {isa = PBXBuildFile; fileRef = AFE7A7601A9D00460039FEE4 /* au_selected@2x.png */; };
		AFE7A7671A9D00460039FEE4 /* docomo_deselected@2x.png in Resources */ = {isa = PBXBuildFile; fileRef = AFE7A7611A9D00460039FEE4 /* docomo_deselected@2x.png */; };
		AFE7A7681A9D00460039FEE4 /* docomo_selected@2x.png in Resources */ = {isa = PBXBuildFile; fileRef = AFE7A7621A9D00460039FEE4 /* docomo_selected@2x.png */; };
		AFE7A7691A9D00460039FEE4 /* softbank_deselected@2x.png in Resources */ = {isa = PBXBuildFile; fileRef = AFE7A7631A9D00460039FEE4 /* softbank_deselected@2x.png */; };
		AFE7A76A1A9D00460039FEE4 /* softbank_selected@2x.png in Resources */ = {isa = PBXBuildFile; fileRef = AFE7A7641A9D00460039FEE4 /* softbank_selected@2x.png */; };
		AFE7A7851A9F3B2B0039FEE4 /* CircuitCollectionViewCell.swift in Sources */ = {isa = PBXBuildFile; fileRef = AFE7A7821A9F3B2B0039FEE4 /* CircuitCollectionViewCell.swift */; };
		AFE7A7861A9F3B2B0039FEE4 /* SweetAlert.swift in Sources */ = {isa = PBXBuildFile; fileRef = AFE7A7831A9F3B2B0039FEE4 /* SweetAlert.swift */; };
		AFE7A7871A9F3B2B0039FEE4 /* VersionChecker.swift in Sources */ = {isa = PBXBuildFile; fileRef = AFE7A7841A9F3B2B0039FEE4 /* VersionChecker.swift */; };
		AFE7A78A1A9F3B410039FEE4 /* Extension.swift in Sources */ = {isa = PBXBuildFile; fileRef = AFE7A7891A9F3B410039FEE4 /* Extension.swift */; };
		AFE7A7911A9F3B4D0039FEE4 /* AUViewController.swift in Sources */ = {isa = PBXBuildFile; fileRef = AFE7A78C1A9F3B4D0039FEE4 /* AUViewController.swift */; };
		AFE7A7921A9F3B4D0039FEE4 /* DocomoViewController.swift in Sources */ = {isa = PBXBuildFile; fileRef = AFE7A78D1A9F3B4D0039FEE4 /* DocomoViewController.swift */; };
		AFE7A7931A9F3B4D0039FEE4 /* RootTabBarController.swift in Sources */ = {isa = PBXBuildFile; fileRef = AFE7A78E1A9F3B4D0039FEE4 /* RootTabBarController.swift */; };
		AFE7A7941A9F3B4D0039FEE4 /* ScheduleViewController.swift in Sources */ = {isa = PBXBuildFile; fileRef = AFE7A78F1A9F3B4D0039FEE4 /* ScheduleViewController.swift */; };
		AFE7A7951A9F3B4D0039FEE4 /* SoftbankViewController.swift in Sources */ = {isa = PBXBuildFile; fileRef = AFE7A7901A9F3B4D0039FEE4 /* SoftbankViewController.swift */; };
		AFE7A79C1A9F3BD90039FEE4 /* Default-568h@2x.png in Resources */ = {isa = PBXBuildFile; fileRef = AFE7A7971A9F3BD90039FEE4 /* Default-568h@2x.png */; };
		AFE7A79D1A9F3BD90039FEE4 /* Default-667h@2x.png in Resources */ = {isa = PBXBuildFile; fileRef = AFE7A7981A9F3BD90039FEE4 /* Default-667h@2x.png */; };
		AFE7A79E1A9F3BD90039FEE4 /* Default-736h@3x.png in Resources */ = {isa = PBXBuildFile; fileRef = AFE7A7991A9F3BD90039FEE4 /* Default-736h@3x.png */; };
		AFE7A7A41A9F3BE50039FEE4 /* get-info@2x.png in Resources */ = {isa = PBXBuildFile; fileRef = AFE7A7A01A9F3BE50039FEE4 /* get-info@2x.png */; };
		AFE7A7A51A9F3BE50039FEE4 /* home-menu@2x.png in Resources */ = {isa = PBXBuildFile; fileRef = AFE7A7A11A9F3BE50039FEE4 /* home-menu@2x.png */; };
		AFE7A7A61A9F3BE50039FEE4 /* home@2x.png in Resources */ = {isa = PBXBuildFile; fileRef = AFE7A7A21A9F3BE50039FEE4 /* home@2x.png */; };
		AFE7A7A71A9F3BE50039FEE4 /* save-button@2x.png in Resources */ = {isa = PBXBuildFile; fileRef = AFE7A7A31A9F3BE50039FEE4 /* save-button@2x.png */; };
		AFE7A7AA1A9F3C050039FEE4 /* FOT-ComicReggaeStd-B.otf in Resources */ = {isa = PBXBuildFile; fileRef = AFE7A7A91A9F3C050039FEE4 /* FOT-ComicReggaeStd-B.otf */; };
		AFE7A7AC1A9F3D410039FEE4 /* SBPlans.swift in Sources */ = {isa = PBXBuildFile; fileRef = AFE7A7AB1A9F3D410039FEE4 /* SBPlans.swift */; };
		AFE7A7AE1A9F3D500039FEE4 /* AUPlans.swift in Sources */ = {isa = PBXBuildFile; fileRef = AFE7A7AD1A9F3D500039FEE4 /* AUPlans.swift */; };
		AFE7A7B01A9F3D550039FEE4 /* DateUtility.swift in Sources */ = {isa = PBXBuildFile; fileRef = AFE7A7AF1A9F3D550039FEE4 /* DateUtility.swift */; };
		AFE7A7B41A9F3D610039FEE4 /* DCMPlans.swift in Sources */ = {isa = PBXBuildFile; fileRef = AFE7A7B31A9F3D610039FEE4 /* DCMPlans.swift */; };
		AFE7A7CD1A9F4A320039FEE4 /* Contents.json in Resources */ = {isa = PBXBuildFile; fileRef = AFE7A7B91A9F4A320039FEE4 /* Contents.json */; };
		AFE7A7CE1A9F4A320039FEE4 /* Icon-40.png in Resources */ = {isa = PBXBuildFile; fileRef = AFE7A7BA1A9F4A320039FEE4 /* Icon-40.png */; };
		AFE7A7CF1A9F4A320039FEE4 /* Icon-40@2x.png in Resources */ = {isa = PBXBuildFile; fileRef = AFE7A7BB1A9F4A320039FEE4 /* Icon-40@2x.png */; };
		AFE7A7D01A9F4A320039FEE4 /* Icon-40@3x.png in Resources */ = {isa = PBXBuildFile; fileRef = AFE7A7BC1A9F4A320039FEE4 /* Icon-40@3x.png */; };
		AFE7A7D11A9F4A320039FEE4 /* Icon-60@2x.png in Resources */ = {isa = PBXBuildFile; fileRef = AFE7A7BD1A9F4A320039FEE4 /* Icon-60@2x.png */; };
		AFE7A7D21A9F4A320039FEE4 /* Icon-60@3x.png in Resources */ = {isa = PBXBuildFile; fileRef = AFE7A7BE1A9F4A320039FEE4 /* Icon-60@3x.png */; };
		AFE7A7D31A9F4A320039FEE4 /* Icon-76.png in Resources */ = {isa = PBXBuildFile; fileRef = AFE7A7BF1A9F4A320039FEE4 /* Icon-76.png */; };
		AFE7A7D41A9F4A320039FEE4 /* Icon-76@2x.png in Resources */ = {isa = PBXBuildFile; fileRef = AFE7A7C01A9F4A320039FEE4 /* Icon-76@2x.png */; };
		AFE7A7D51A9F4A320039FEE4 /* Icon-Small.png in Resources */ = {isa = PBXBuildFile; fileRef = AFE7A7C11A9F4A320039FEE4 /* Icon-Small.png */; };
		AFE7A7D61A9F4A320039FEE4 /* Icon-Small@2x.png in Resources */ = {isa = PBXBuildFile; fileRef = AFE7A7C21A9F4A320039FEE4 /* Icon-Small@2x.png */; };
		AFE7A7D71A9F4A320039FEE4 /* Icon-Small@3x.png in Resources */ = {isa = PBXBuildFile; fileRef = AFE7A7C31A9F4A320039FEE4 /* Icon-Small@3x.png */; };
		AFE7A7D81A9F4A320039FEE4 /* Icon-60.png in Resources */ = {isa = PBXBuildFile; fileRef = AFE7A7C41A9F4A320039FEE4 /* Icon-60.png */; };
		AFE7A7D91A9F4A320039FEE4 /* Icon-72.png in Resources */ = {isa = PBXBuildFile; fileRef = AFE7A7C51A9F4A320039FEE4 /* Icon-72.png */; };
		AFE7A7DA1A9F4A320039FEE4 /* Icon-72@2x.png in Resources */ = {isa = PBXBuildFile; fileRef = AFE7A7C61A9F4A320039FEE4 /* Icon-72@2x.png */; };
		AFE7A7DB1A9F4A320039FEE4 /* Icon-Small-50.png in Resources */ = {isa = PBXBuildFile; fileRef = AFE7A7C71A9F4A320039FEE4 /* Icon-Small-50.png */; };
		AFE7A7DC1A9F4A320039FEE4 /* Icon-Small-50@2x.png in Resources */ = {isa = PBXBuildFile; fileRef = AFE7A7C81A9F4A320039FEE4 /* Icon-Small-50@2x.png */; };
		AFE7A7DD1A9F4A320039FEE4 /* Icon.png in Resources */ = {isa = PBXBuildFile; fileRef = AFE7A7C91A9F4A320039FEE4 /* Icon.png */; };
		AFE7A7DE1A9F4A320039FEE4 /* Icon@2x.png in Resources */ = {isa = PBXBuildFile; fileRef = AFE7A7CA1A9F4A320039FEE4 /* Icon@2x.png */; };
		AFE7A7DF1A9F4A320039FEE4 /* iTunesArtwork in Resources */ = {isa = PBXBuildFile; fileRef = AFE7A7CB1A9F4A320039FEE4 /* iTunesArtwork */; };
		AFE7A7E01A9F4A320039FEE4 /* iTunesArtwork@2x in Resources */ = {isa = PBXBuildFile; fileRef = AFE7A7CC1A9F4A320039FEE4 /* iTunesArtwork@2x */; };
		C80D08ABB60F09A3E855D97F /* libPods-MobileSimulator.a in Frameworks */ = {isa = PBXBuildFile; fileRef = AAA6B29EFC0F387328D059BB /* libPods-MobileSimulator.a */; };
		F0D7677CB3699AFE5B23AD32 /* libPods-MobileSimulatorTests.a in Frameworks */ = {isa = PBXBuildFile; fileRef = 039D9A5CBA2914500E304838 /* libPods-MobileSimulatorTests.a */; };
/* End PBXBuildFile section */

/* Begin PBXContainerItemProxy section */
		AFCE210E1A5F3A2200632744 /* PBXContainerItemProxy */ = {
			isa = PBXContainerItemProxy;
			containerPortal = AFCE20F01A5F3A2200632744 /* Project object */;
			proxyType = 1;
			remoteGlobalIDString = AFCE20F71A5F3A2200632744;
			remoteInfo = MobileSimulator;
		};
/* End PBXContainerItemProxy section */

/* Begin PBXFileReference section */
		039D9A5CBA2914500E304838 /* libPods-MobileSimulatorTests.a */ = {isa = PBXFileReference; explicitFileType = archive.ar; includeInIndex = 0; path = "libPods-MobileSimulatorTests.a"; sourceTree = BUILT_PRODUCTS_DIR; };
		40207044E40F949456977E4B /* Pods-MobileSimulatorTests.debug.xcconfig */ = {isa = PBXFileReference; includeInIndex = 1; lastKnownFileType = text.xcconfig; name = "Pods-MobileSimulatorTests.debug.xcconfig"; path = "Pods/Target Support Files/Pods-MobileSimulatorTests/Pods-MobileSimulatorTests.debug.xcconfig"; sourceTree = "<group>"; };
		4A67E27B7791D4705F2575CB /* Pods-MobileSimulator.debug.xcconfig */ = {isa = PBXFileReference; includeInIndex = 1; lastKnownFileType = text.xcconfig; name = "Pods-MobileSimulator.debug.xcconfig"; path = "Pods/Target Support Files/Pods-MobileSimulator/Pods-MobileSimulator.debug.xcconfig"; sourceTree = "<group>"; };
		56DCC7B9D61480CFD508C9E5 /* Pods-MobileSimulator.release.xcconfig */ = {isa = PBXFileReference; includeInIndex = 1; lastKnownFileType = text.xcconfig; name = "Pods-MobileSimulator.release.xcconfig"; path = "Pods/Target Support Files/Pods-MobileSimulator/Pods-MobileSimulator.release.xcconfig"; sourceTree = "<group>"; };
		AAA6B29EFC0F387328D059BB /* libPods-MobileSimulator.a */ = {isa = PBXFileReference; explicitFileType = archive.ar; includeInIndex = 0; path = "libPods-MobileSimulator.a"; sourceTree = BUILT_PRODUCTS_DIR; };
		AF081E7F1A9FBF7900DF2510 /* DPAlertViewController.swift */ = {isa = PBXFileReference; fileEncoding = 4; lastKnownFileType = sourcecode.swift; path = DPAlertViewController.swift; sourceTree = "<group>"; };
		AFCE20F81A5F3A2200632744 /* MobileSimulator.app */ = {isa = PBXFileReference; explicitFileType = wrapper.application; includeInIndex = 0; path = MobileSimulator.app; sourceTree = BUILT_PRODUCTS_DIR; };
		AFCE20FC1A5F3A2200632744 /* Info.plist */ = {isa = PBXFileReference; lastKnownFileType = text.plist.xml; path = Info.plist; sourceTree = "<group>"; };
		AFCE20FD1A5F3A2200632744 /* AppDelegate.swift */ = {isa = PBXFileReference; lastKnownFileType = sourcecode.swift; path = AppDelegate.swift; sourceTree = "<group>"; };
		AFCE21021A5F3A2200632744 /* Base */ = {isa = PBXFileReference; lastKnownFileType = file.storyboard; name = Base; path = Base.lproj/Main.storyboard; sourceTree = "<group>"; };
		AFCE21041A5F3A2200632744 /* Images.xcassets */ = {isa = PBXFileReference; lastKnownFileType = folder.assetcatalog; path = Images.xcassets; sourceTree = "<group>"; };
		AFCE210D1A5F3A2200632744 /* MobileSimulatorTests.xctest */ = {isa = PBXFileReference; explicitFileType = wrapper.cfbundle; includeInIndex = 0; path = MobileSimulatorTests.xctest; sourceTree = BUILT_PRODUCTS_DIR; };
		AFCE21121A5F3A2200632744 /* Info.plist */ = {isa = PBXFileReference; lastKnownFileType = text.plist.xml; path = Info.plist; sourceTree = "<group>"; };
		AFCE21131A5F3A2200632744 /* MobileSimulatorTests.swift */ = {isa = PBXFileReference; lastKnownFileType = sourcecode.swift; path = MobileSimulatorTests.swift; sourceTree = "<group>"; };
		AFE7A75B1A9CFD6A0039FEE4 /* tabbar_bg_black.png */ = {isa = PBXFileReference; lastKnownFileType = image.png; path = tabbar_bg_black.png; sourceTree = "<group>"; };
		AFE7A75C1A9CFD6A0039FEE4 /* tabbar_bg_black@2x.png */ = {isa = PBXFileReference; lastKnownFileType = image.png; path = "tabbar_bg_black@2x.png"; sourceTree = "<group>"; };
		AFE7A75F1A9D00460039FEE4 /* au_deselected@2x.png */ = {isa = PBXFileReference; lastKnownFileType = image.png; path = "au_deselected@2x.png"; sourceTree = "<group>"; };
		AFE7A7601A9D00460039FEE4 /* au_selected@2x.png */ = {isa = PBXFileReference; lastKnownFileType = image.png; path = "au_selected@2x.png"; sourceTree = "<group>"; };
		AFE7A7611A9D00460039FEE4 /* docomo_deselected@2x.png */ = {isa = PBXFileReference; lastKnownFileType = image.png; path = "docomo_deselected@2x.png"; sourceTree = "<group>"; };
		AFE7A7621A9D00460039FEE4 /* docomo_selected@2x.png */ = {isa = PBXFileReference; lastKnownFileType = image.png; path = "docomo_selected@2x.png"; sourceTree = "<group>"; };
		AFE7A7631A9D00460039FEE4 /* softbank_deselected@2x.png */ = {isa = PBXFileReference; lastKnownFileType = image.png; path = "softbank_deselected@2x.png"; sourceTree = "<group>"; };
		AFE7A7641A9D00460039FEE4 /* softbank_selected@2x.png */ = {isa = PBXFileReference; lastKnownFileType = image.png; path = "softbank_selected@2x.png"; sourceTree = "<group>"; };
		AFE7A7821A9F3B2B0039FEE4 /* CircuitCollectionViewCell.swift */ = {isa = PBXFileReference; fileEncoding = 4; lastKnownFileType = sourcecode.swift; path = CircuitCollectionViewCell.swift; sourceTree = "<group>"; };
		AFE7A7831A9F3B2B0039FEE4 /* SweetAlert.swift */ = {isa = PBXFileReference; fileEncoding = 4; lastKnownFileType = sourcecode.swift; path = SweetAlert.swift; sourceTree = "<group>"; };
		AFE7A7841A9F3B2B0039FEE4 /* VersionChecker.swift */ = {isa = PBXFileReference; fileEncoding = 4; lastKnownFileType = sourcecode.swift; path = VersionChecker.swift; sourceTree = "<group>"; };
		AFE7A7891A9F3B410039FEE4 /* Extension.swift */ = {isa = PBXFileReference; fileEncoding = 4; lastKnownFileType = sourcecode.swift; path = Extension.swift; sourceTree = "<group>"; };
		AFE7A78C1A9F3B4D0039FEE4 /* AUViewController.swift */ = {isa = PBXFileReference; fileEncoding = 4; lastKnownFileType = sourcecode.swift; path = AUViewController.swift; sourceTree = "<group>"; };
		AFE7A78D1A9F3B4D0039FEE4 /* DocomoViewController.swift */ = {isa = PBXFileReference; fileEncoding = 4; lastKnownFileType = sourcecode.swift; path = DocomoViewController.swift; sourceTree = "<group>"; };
		AFE7A78E1A9F3B4D0039FEE4 /* RootTabBarController.swift */ = {isa = PBXFileReference; fileEncoding = 4; lastKnownFileType = sourcecode.swift; path = RootTabBarController.swift; sourceTree = "<group>"; };
		AFE7A78F1A9F3B4D0039FEE4 /* ScheduleViewController.swift */ = {isa = PBXFileReference; fileEncoding = 4; lastKnownFileType = sourcecode.swift; path = ScheduleViewController.swift; sourceTree = "<group>"; };
		AFE7A7901A9F3B4D0039FEE4 /* SoftbankViewController.swift */ = {isa = PBXFileReference; fileEncoding = 4; lastKnownFileType = sourcecode.swift; path = SoftbankViewController.swift; sourceTree = "<group>"; };
		AFE7A7971A9F3BD90039FEE4 /* Default-568h@2x.png */ = {isa = PBXFileReference; lastKnownFileType = image.png; path = "Default-568h@2x.png"; sourceTree = "<group>"; };
		AFE7A7981A9F3BD90039FEE4 /* Default-667h@2x.png */ = {isa = PBXFileReference; lastKnownFileType = image.png; path = "Default-667h@2x.png"; sourceTree = "<group>"; };
		AFE7A7991A9F3BD90039FEE4 /* Default-736h@3x.png */ = {isa = PBXFileReference; lastKnownFileType = image.png; path = "Default-736h@3x.png"; sourceTree = "<group>"; };
		AFE7A79A1A9F3BD90039FEE4 /* Header.h */ = {isa = PBXFileReference; fileEncoding = 4; lastKnownFileType = sourcecode.c.h; path = Header.h; sourceTree = "<group>"; };
		AFE7A79B1A9F3BD90039FEE4 /* MobileSimulator-Bridging-Header.h */ = {isa = PBXFileReference; fileEncoding = 4; lastKnownFileType = sourcecode.c.h; path = "MobileSimulator-Bridging-Header.h"; sourceTree = "<group>"; };
		AFE7A7A01A9F3BE50039FEE4 /* get-info@2x.png */ = {isa = PBXFileReference; lastKnownFileType = image.png; path = "get-info@2x.png"; sourceTree = "<group>"; };
		AFE7A7A11A9F3BE50039FEE4 /* home-menu@2x.png */ = {isa = PBXFileReference; lastKnownFileType = image.png; path = "home-menu@2x.png"; sourceTree = "<group>"; };
		AFE7A7A21A9F3BE50039FEE4 /* home@2x.png */ = {isa = PBXFileReference; lastKnownFileType = image.png; path = "home@2x.png"; sourceTree = "<group>"; };
		AFE7A7A31A9F3BE50039FEE4 /* save-button@2x.png */ = {isa = PBXFileReference; lastKnownFileType = image.png; path = "save-button@2x.png"; sourceTree = "<group>"; };
		AFE7A7A91A9F3C050039FEE4 /* FOT-ComicReggaeStd-B.otf */ = {isa = PBXFileReference; lastKnownFileType = file; path = "FOT-ComicReggaeStd-B.otf"; sourceTree = "<group>"; };
		AFE7A7AB1A9F3D410039FEE4 /* SBPlans.swift */ = {isa = PBXFileReference; fileEncoding = 4; lastKnownFileType = sourcecode.swift; path = SBPlans.swift; sourceTree = "<group>"; };
		AFE7A7AD1A9F3D500039FEE4 /* AUPlans.swift */ = {isa = PBXFileReference; fileEncoding = 4; lastKnownFileType = sourcecode.swift; path = AUPlans.swift; sourceTree = "<group>"; };
		AFE7A7AF1A9F3D550039FEE4 /* DateUtility.swift */ = {isa = PBXFileReference; fileEncoding = 4; lastKnownFileType = sourcecode.swift; path = DateUtility.swift; sourceTree = "<group>"; };
		AFE7A7B31A9F3D610039FEE4 /* DCMPlans.swift */ = {isa = PBXFileReference; fileEncoding = 4; lastKnownFileType = sourcecode.swift; path = DCMPlans.swift; sourceTree = "<group>"; };
		AFE7A7B91A9F4A320039FEE4 /* Contents.json */ = {isa = PBXFileReference; fileEncoding = 4; lastKnownFileType = text.json; path = Contents.json; sourceTree = "<group>"; };
		AFE7A7BA1A9F4A320039FEE4 /* Icon-40.png */ = {isa = PBXFileReference; lastKnownFileType = image.png; path = "Icon-40.png"; sourceTree = "<group>"; };
		AFE7A7BB1A9F4A320039FEE4 /* Icon-40@2x.png */ = {isa = PBXFileReference; lastKnownFileType = image.png; path = "Icon-40@2x.png"; sourceTree = "<group>"; };
		AFE7A7BC1A9F4A320039FEE4 /* Icon-40@3x.png */ = {isa = PBXFileReference; lastKnownFileType = image.png; path = "Icon-40@3x.png"; sourceTree = "<group>"; };
		AFE7A7BD1A9F4A320039FEE4 /* Icon-60@2x.png */ = {isa = PBXFileReference; lastKnownFileType = image.png; path = "Icon-60@2x.png"; sourceTree = "<group>"; };
		AFE7A7BE1A9F4A320039FEE4 /* Icon-60@3x.png */ = {isa = PBXFileReference; lastKnownFileType = image.png; path = "Icon-60@3x.png"; sourceTree = "<group>"; };
		AFE7A7BF1A9F4A320039FEE4 /* Icon-76.png */ = {isa = PBXFileReference; lastKnownFileType = image.png; path = "Icon-76.png"; sourceTree = "<group>"; };
		AFE7A7C01A9F4A320039FEE4 /* Icon-76@2x.png */ = {isa = PBXFileReference; lastKnownFileType = image.png; path = "Icon-76@2x.png"; sourceTree = "<group>"; };
		AFE7A7C11A9F4A320039FEE4 /* Icon-Small.png */ = {isa = PBXFileReference; lastKnownFileType = image.png; path = "Icon-Small.png"; sourceTree = "<group>"; };
		AFE7A7C21A9F4A320039FEE4 /* Icon-Small@2x.png */ = {isa = PBXFileReference; lastKnownFileType = image.png; path = "Icon-Small@2x.png"; sourceTree = "<group>"; };
		AFE7A7C31A9F4A320039FEE4 /* Icon-Small@3x.png */ = {isa = PBXFileReference; lastKnownFileType = image.png; path = "Icon-Small@3x.png"; sourceTree = "<group>"; };
		AFE7A7C41A9F4A320039FEE4 /* Icon-60.png */ = {isa = PBXFileReference; lastKnownFileType = image.png; path = "Icon-60.png"; sourceTree = "<group>"; };
		AFE7A7C51A9F4A320039FEE4 /* Icon-72.png */ = {isa = PBXFileReference; lastKnownFileType = image.png; path = "Icon-72.png"; sourceTree = "<group>"; };
		AFE7A7C61A9F4A320039FEE4 /* Icon-72@2x.png */ = {isa = PBXFileReference; lastKnownFileType = image.png; path = "Icon-72@2x.png"; sourceTree = "<group>"; };
		AFE7A7C71A9F4A320039FEE4 /* Icon-Small-50.png */ = {isa = PBXFileReference; lastKnownFileType = image.png; path = "Icon-Small-50.png"; sourceTree = "<group>"; };
		AFE7A7C81A9F4A320039FEE4 /* Icon-Small-50@2x.png */ = {isa = PBXFileReference; lastKnownFileType = image.png; path = "Icon-Small-50@2x.png"; sourceTree = "<group>"; };
		AFE7A7C91A9F4A320039FEE4 /* Icon.png */ = {isa = PBXFileReference; lastKnownFileType = image.png; path = Icon.png; sourceTree = "<group>"; };
		AFE7A7CA1A9F4A320039FEE4 /* Icon@2x.png */ = {isa = PBXFileReference; lastKnownFileType = image.png; path = "Icon@2x.png"; sourceTree = "<group>"; };
		AFE7A7CB1A9F4A320039FEE4 /* iTunesArtwork */ = {isa = PBXFileReference; lastKnownFileType = file; path = iTunesArtwork; sourceTree = "<group>"; };
		AFE7A7CC1A9F4A320039FEE4 /* iTunesArtwork@2x */ = {isa = PBXFileReference; lastKnownFileType = file; path = "iTunesArtwork@2x"; sourceTree = "<group>"; };
		ECEA83077D468102DD97B4F3 /* Pods-MobileSimulatorTests.release.xcconfig */ = {isa = PBXFileReference; includeInIndex = 1; lastKnownFileType = text.xcconfig; name = "Pods-MobileSimulatorTests.release.xcconfig"; path = "Pods/Target Support Files/Pods-MobileSimulatorTests/Pods-MobileSimulatorTests.release.xcconfig"; sourceTree = "<group>"; };
/* End PBXFileReference section */

/* Begin PBXFrameworksBuildPhase section */
		AFCE20F51A5F3A2200632744 /* Frameworks */ = {
			isa = PBXFrameworksBuildPhase;
			buildActionMask = 2147483647;
			files = (
				C80D08ABB60F09A3E855D97F /* libPods-MobileSimulator.a in Frameworks */,
			);
			runOnlyForDeploymentPostprocessing = 0;
		};
		AFCE210A1A5F3A2200632744 /* Frameworks */ = {
			isa = PBXFrameworksBuildPhase;
			buildActionMask = 2147483647;
			files = (
				F0D7677CB3699AFE5B23AD32 /* libPods-MobileSimulatorTests.a in Frameworks */,
			);
			runOnlyForDeploymentPostprocessing = 0;
		};
/* End PBXFrameworksBuildPhase section */

/* Begin PBXGroup section */
		537EE63D2286EBD3337817B1 /* Pods */ = {
			isa = PBXGroup;
			children = (
				4A67E27B7791D4705F2575CB /* Pods-MobileSimulator.debug.xcconfig */,
				56DCC7B9D61480CFD508C9E5 /* Pods-MobileSimulator.release.xcconfig */,
				40207044E40F949456977E4B /* Pods-MobileSimulatorTests.debug.xcconfig */,
				ECEA83077D468102DD97B4F3 /* Pods-MobileSimulatorTests.release.xcconfig */,
			);
			name = Pods;
			sourceTree = "<group>";
		};
		AFCE20EF1A5F3A2200632744 = {
			isa = PBXGroup;
			children = (
				AFCE20FA1A5F3A2200632744 /* MobileSimulator */,
				AFCE21101A5F3A2200632744 /* MobileSimulatorTests */,
				AFCE20F91A5F3A2200632744 /* Products */,
				537EE63D2286EBD3337817B1 /* Pods */,
				B83107D8B123A469CB611600 /* Frameworks */,
			);
			sourceTree = "<group>";
		};
		AFCE20F91A5F3A2200632744 /* Products */ = {
			isa = PBXGroup;
			children = (
				AFCE20F81A5F3A2200632744 /* MobileSimulator.app */,
				AFCE210D1A5F3A2200632744 /* MobileSimulatorTests.xctest */,
			);
			name = Products;
			sourceTree = "<group>";
		};
		AFCE20FA1A5F3A2200632744 /* MobileSimulator */ = {
			isa = PBXGroup;
			children = (
				AFCE20FD1A5F3A2200632744 /* AppDelegate.swift */,
				AFE7A7881A9F3B410039FEE4 /* Models */,
				AFE7A7811A9F3B2B0039FEE4 /* Views */,
				AFE7A78B1A9F3B4D0039FEE4 /* Controllers */,
				AFCE21011A5F3A2200632744 /* Main.storyboard */,
				AFCE21041A5F3A2200632744 /* Images.xcassets */,
				AFCE20FB1A5F3A2200632744 /* Supporting Files */,
			);
			path = MobileSimulator;
			sourceTree = "<group>";
		};
		AFCE20FB1A5F3A2200632744 /* Supporting Files */ = {
			isa = PBXGroup;
			children = (
				AFE7A7A81A9F3C050039FEE4 /* Fonts */,
				AFCE21451A5F72B700632744 /* Images */,
				AFCE20FC1A5F3A2200632744 /* Info.plist */,
			);
			name = "Supporting Files";
			sourceTree = "<group>";
		};
		AFCE21101A5F3A2200632744 /* MobileSimulatorTests */ = {
			isa = PBXGroup;
			children = (
				AFCE21131A5F3A2200632744 /* MobileSimulatorTests.swift */,
				AFCE21111A5F3A2200632744 /* Supporting Files */,
			);
			path = MobileSimulatorTests;
			sourceTree = "<group>";
		};
		AFCE21111A5F3A2200632744 /* Supporting Files */ = {
			isa = PBXGroup;
			children = (
				AFCE21121A5F3A2200632744 /* Info.plist */,
			);
			name = "Supporting Files";
			sourceTree = "<group>";
		};
		AFCE21451A5F72B700632744 /* Images */ = {
			isa = PBXGroup;
			children = (
				AFE7A7B71A9F4A320039FEE4 /* icons */,
				AFE7A79F1A9F3BE50039FEE4 /* NavigationBarItems */,
				AFE7A7961A9F3BD90039FEE4 /* Defaults */,
				AFE7A75A1A9CFD6A0039FEE4 /* TabbarBackground */,
				AFCE215A1A5F72B700632744 /* TabbarIcon */,
			);
			path = Images;
			sourceTree = "<group>";
		};
		AFCE215A1A5F72B700632744 /* TabbarIcon */ = {
			isa = PBXGroup;
			children = (
				AFE7A75F1A9D00460039FEE4 /* au_deselected@2x.png */,
				AFE7A7601A9D00460039FEE4 /* au_selected@2x.png */,
				AFE7A7611A9D00460039FEE4 /* docomo_deselected@2x.png */,
				AFE7A7621A9D00460039FEE4 /* docomo_selected@2x.png */,
				AFE7A7631A9D00460039FEE4 /* softbank_deselected@2x.png */,
				AFE7A7641A9D00460039FEE4 /* softbank_selected@2x.png */,
			);
			path = TabbarIcon;
			sourceTree = "<group>";
		};
		AFE7A75A1A9CFD6A0039FEE4 /* TabbarBackground */ = {
			isa = PBXGroup;
			children = (
				AFE7A75B1A9CFD6A0039FEE4 /* tabbar_bg_black.png */,
				AFE7A75C1A9CFD6A0039FEE4 /* tabbar_bg_black@2x.png */,
			);
			path = TabbarBackground;
			sourceTree = "<group>";
		};
		AFE7A7811A9F3B2B0039FEE4 /* Views */ = {
			isa = PBXGroup;
			children = (
				AFE7A7821A9F3B2B0039FEE4 /* CircuitCollectionViewCell.swift */,
				AFE7A7831A9F3B2B0039FEE4 /* SweetAlert.swift */,
				AFE7A7841A9F3B2B0039FEE4 /* VersionChecker.swift */,
				AF081E7F1A9FBF7900DF2510 /* DPAlertViewController.swift */,
			);
			path = Views;
			sourceTree = "<group>";
		};
		AFE7A7881A9F3B410039FEE4 /* Models */ = {
			isa = PBXGroup;
			children = (
				AFE7A7AD1A9F3D500039FEE4 /* AUPlans.swift */,
				AFE7A7B31A9F3D610039FEE4 /* DCMPlans.swift */,
				AFE7A7AB1A9F3D410039FEE4 /* SBPlans.swift */,
				AFE7A7891A9F3B410039FEE4 /* Extension.swift */,
				AFE7A7AF1A9F3D550039FEE4 /* DateUtility.swift */,
			);
			path = Models;
			sourceTree = "<group>";
		};
		AFE7A78B1A9F3B4D0039FEE4 /* Controllers */ = {
			isa = PBXGroup;
			children = (
				AFE7A78E1A9F3B4D0039FEE4 /* RootTabBarController.swift */,
				AFE7A78C1A9F3B4D0039FEE4 /* AUViewController.swift */,
				AFE7A78D1A9F3B4D0039FEE4 /* DocomoViewController.swift */,
				AFE7A7901A9F3B4D0039FEE4 /* SoftbankViewController.swift */,
				AFE7A78F1A9F3B4D0039FEE4 /* ScheduleViewController.swift */,
			);
			path = Controllers;
			sourceTree = "<group>";
		};
		AFE7A7961A9F3BD90039FEE4 /* Defaults */ = {
			isa = PBXGroup;
			children = (
				AFE7A7971A9F3BD90039FEE4 /* Default-568h@2x.png */,
				AFE7A7981A9F3BD90039FEE4 /* Default-667h@2x.png */,
				AFE7A7991A9F3BD90039FEE4 /* Default-736h@3x.png */,
				AFE7A79A1A9F3BD90039FEE4 /* Header.h */,
				AFE7A79B1A9F3BD90039FEE4 /* MobileSimulator-Bridging-Header.h */,
			);
			path = Defaults;
			sourceTree = "<group>";
		};
		AFE7A79F1A9F3BE50039FEE4 /* NavigationBarItems */ = {
			isa = PBXGroup;
			children = (
				AFE7A7A01A9F3BE50039FEE4 /* get-info@2x.png */,
				AFE7A7A11A9F3BE50039FEE4 /* home-menu@2x.png */,
				AFE7A7A21A9F3BE50039FEE4 /* home@2x.png */,
				AFE7A7A31A9F3BE50039FEE4 /* save-button@2x.png */,
			);
			path = NavigationBarItems;
			sourceTree = "<group>";
		};
		AFE7A7A81A9F3C050039FEE4 /* Fonts */ = {
			isa = PBXGroup;
			children = (
				AFE7A7A91A9F3C050039FEE4 /* FOT-ComicReggaeStd-B.otf */,
			);
			path = Fonts;
			sourceTree = "<group>";
		};
		AFE7A7B71A9F4A320039FEE4 /* icons */ = {
			isa = PBXGroup;
			children = (
				AFE7A7B81A9F4A320039FEE4 /* AppIcon.appiconset */,
				AFE7A7C41A9F4A320039FEE4 /* Icon-60.png */,
				AFE7A7C51A9F4A320039FEE4 /* Icon-72.png */,
				AFE7A7C61A9F4A320039FEE4 /* Icon-72@2x.png */,
				AFE7A7C71A9F4A320039FEE4 /* Icon-Small-50.png */,
				AFE7A7C81A9F4A320039FEE4 /* Icon-Small-50@2x.png */,
				AFE7A7C91A9F4A320039FEE4 /* Icon.png */,
				AFE7A7CA1A9F4A320039FEE4 /* Icon@2x.png */,
				AFE7A7CB1A9F4A320039FEE4 /* iTunesArtwork */,
				AFE7A7CC1A9F4A320039FEE4 /* iTunesArtwork@2x */,
			);
			name = icons;
			path = ios;
			sourceTree = "<group>";
		};
		AFE7A7B81A9F4A320039FEE4 /* AppIcon.appiconset */ = {
			isa = PBXGroup;
			children = (
				AFE7A7B91A9F4A320039FEE4 /* Contents.json */,
				AFE7A7BA1A9F4A320039FEE4 /* Icon-40.png */,
				AFE7A7BB1A9F4A320039FEE4 /* Icon-40@2x.png */,
				AFE7A7BC1A9F4A320039FEE4 /* Icon-40@3x.png */,
				AFE7A7BD1A9F4A320039FEE4 /* Icon-60@2x.png */,
				AFE7A7BE1A9F4A320039FEE4 /* Icon-60@3x.png */,
				AFE7A7BF1A9F4A320039FEE4 /* Icon-76.png */,
				AFE7A7C01A9F4A320039FEE4 /* Icon-76@2x.png */,
				AFE7A7C11A9F4A320039FEE4 /* Icon-Small.png */,
				AFE7A7C21A9F4A320039FEE4 /* Icon-Small@2x.png */,
				AFE7A7C31A9F4A320039FEE4 /* Icon-Small@3x.png */,
			);
			path = AppIcon.appiconset;
			sourceTree = "<group>";
		};
		B83107D8B123A469CB611600 /* Frameworks */ = {
			isa = PBXGroup;
			children = (
				AAA6B29EFC0F387328D059BB /* libPods-MobileSimulator.a */,
				039D9A5CBA2914500E304838 /* libPods-MobileSimulatorTests.a */,
			);
			name = Frameworks;
			sourceTree = "<group>";
		};
/* End PBXGroup section */

/* Begin PBXNativeTarget section */
		AFCE20F71A5F3A2200632744 /* MobileSimulator */ = {
			isa = PBXNativeTarget;
			buildConfigurationList = AFCE21171A5F3A2200632744 /* Build configuration list for PBXNativeTarget "MobileSimulator" */;
			buildPhases = (
				4C5E5A39C4615425660560FB /* Check Pods Manifest.lock */,
				AFCE20F41A5F3A2200632744 /* Sources */,
				AFCE20F51A5F3A2200632744 /* Frameworks */,
				AFCE20F61A5F3A2200632744 /* Resources */,
				38F68A18290171CAFFC2EEEF /* Copy Pods Resources */,
			);
			buildRules = (
			);
			dependencies = (
			);
			name = MobileSimulator;
			productName = MobileSimulator;
			productReference = AFCE20F81A5F3A2200632744 /* MobileSimulator.app */;
			productType = "com.apple.product-type.application";
		};
		AFCE210C1A5F3A2200632744 /* MobileSimulatorTests */ = {
			isa = PBXNativeTarget;
			buildConfigurationList = AFCE211A1A5F3A2200632744 /* Build configuration list for PBXNativeTarget "MobileSimulatorTests" */;
			buildPhases = (
				7F445A1268B02A5064D567C7 /* Check Pods Manifest.lock */,
				AFCE21091A5F3A2200632744 /* Sources */,
				AFCE210A1A5F3A2200632744 /* Frameworks */,
				AFCE210B1A5F3A2200632744 /* Resources */,
				2DE4AA1E2CA60ABDA7F730CA /* Copy Pods Resources */,
			);
			buildRules = (
			);
			dependencies = (
				AFCE210F1A5F3A2200632744 /* PBXTargetDependency */,
			);
			name = MobileSimulatorTests;
			productName = MobileSimulatorTests;
			productReference = AFCE210D1A5F3A2200632744 /* MobileSimulatorTests.xctest */;
			productType = "com.apple.product-type.bundle.unit-test";
		};
/* End PBXNativeTarget section */

/* Begin PBXProject section */
		AFCE20F01A5F3A2200632744 /* Project object */ = {
			isa = PBXProject;
			attributes = {
				LastUpgradeCheck = 0610;
				ORGANIZATIONNAME = net.masuhara;
				TargetAttributes = {
					AFCE20F71A5F3A2200632744 = {
						CreatedOnToolsVersion = 6.1;
					};
					AFCE210C1A5F3A2200632744 = {
						CreatedOnToolsVersion = 6.1;
						DevelopmentTeam = XFUA4YPVDB;
						TestTargetID = AFCE20F71A5F3A2200632744;
					};
				};
			};
			buildConfigurationList = AFCE20F31A5F3A2200632744 /* Build configuration list for PBXProject "MobileSimulator" */;
			compatibilityVersion = "Xcode 3.2";
			developmentRegion = English;
			hasScannedForEncodings = 0;
			knownRegions = (
				en,
				Base,
			);
			mainGroup = AFCE20EF1A5F3A2200632744;
			productRefGroup = AFCE20F91A5F3A2200632744 /* Products */;
			projectDirPath = "";
			projectRoot = "";
			targets = (
				AFCE20F71A5F3A2200632744 /* MobileSimulator */,
				AFCE210C1A5F3A2200632744 /* MobileSimulatorTests */,
			);
		};
/* End PBXProject section */

/* Begin PBXResourcesBuildPhase section */
		AFCE20F61A5F3A2200632744 /* Resources */ = {
			isa = PBXResourcesBuildPhase;
			buildActionMask = 2147483647;
			files = (
				AFE7A7D21A9F4A320039FEE4 /* Icon-60@3x.png in Resources */,
				AFE7A7DE1A9F4A320039FEE4 /* Icon@2x.png in Resources */,
				AFCE21031A5F3A2200632744 /* Main.storyboard in Resources */,
				AFE7A7DC1A9F4A320039FEE4 /* Icon-Small-50@2x.png in Resources */,
				AFE7A7A41A9F3BE50039FEE4 /* get-info@2x.png in Resources */,
				AFE7A76A1A9D00460039FEE4 /* softbank_selected@2x.png in Resources */,
				AFE7A79E1A9F3BD90039FEE4 /* Default-736h@3x.png in Resources */,
				AFE7A7CE1A9F4A320039FEE4 /* Icon-40.png in Resources */,
				AFE7A79D1A9F3BD90039FEE4 /* Default-667h@2x.png in Resources */,
				AFE7A7DF1A9F4A320039FEE4 /* iTunesArtwork in Resources */,
				AFE7A7AA1A9F3C050039FEE4 /* FOT-ComicReggaeStd-B.otf in Resources */,
				AFE7A7651A9D00460039FEE4 /* au_deselected@2x.png in Resources */,
				AFE7A7A61A9F3BE50039FEE4 /* home@2x.png in Resources */,
				AFE7A7DA1A9F4A320039FEE4 /* Icon-72@2x.png in Resources */,
				AFE7A7DD1A9F4A320039FEE4 /* Icon.png in Resources */,
				AFE7A7671A9D00460039FEE4 /* docomo_deselected@2x.png in Resources */,
				AFE7A7D01A9F4A320039FEE4 /* Icon-40@3x.png in Resources */,
				AFE7A75E1A9CFD6A0039FEE4 /* tabbar_bg_black@2x.png in Resources */,
				AFE7A7E01A9F4A320039FEE4 /* iTunesArtwork@2x in Resources */,
				AFE7A7D61A9F4A320039FEE4 /* Icon-Small@2x.png in Resources */,
				AFE7A7A71A9F3BE50039FEE4 /* save-button@2x.png in Resources */,
				AFE7A7D71A9F4A320039FEE4 /* Icon-Small@3x.png in Resources */,
				AFE7A7D11A9F4A320039FEE4 /* Icon-60@2x.png in Resources */,
				AFE7A7661A9D00460039FEE4 /* au_selected@2x.png in Resources */,
				AFE7A7D41A9F4A320039FEE4 /* Icon-76@2x.png in Resources */,
				AFE7A7D91A9F4A320039FEE4 /* Icon-72.png in Resources */,
				AFE7A7D51A9F4A320039FEE4 /* Icon-Small.png in Resources */,
				AFE7A7D81A9F4A320039FEE4 /* Icon-60.png in Resources */,
				AFCE21051A5F3A2200632744 /* Images.xcassets in Resources */,
				AFE7A7DB1A9F4A320039FEE4 /* Icon-Small-50.png in Resources */,
				AFE7A75D1A9CFD6A0039FEE4 /* tabbar_bg_black.png in Resources */,
				AFE7A7691A9D00460039FEE4 /* softbank_deselected@2x.png in Resources */,
				AFE7A7681A9D00460039FEE4 /* docomo_selected@2x.png in Resources */,
				AFE7A7A51A9F3BE50039FEE4 /* home-menu@2x.png in Resources */,
				AFE7A7CF1A9F4A320039FEE4 /* Icon-40@2x.png in Resources */,
				AFE7A7D31A9F4A320039FEE4 /* Icon-76.png in Resources */,
				AFE7A79C1A9F3BD90039FEE4 /* Default-568h@2x.png in Resources */,
				AFE7A7CD1A9F4A320039FEE4 /* Contents.json in Resources */,
			);
			runOnlyForDeploymentPostprocessing = 0;
		};
		AFCE210B1A5F3A2200632744 /* Resources */ = {
			isa = PBXResourcesBuildPhase;
			buildActionMask = 2147483647;
			files = (
			);
			runOnlyForDeploymentPostprocessing = 0;
		};
/* End PBXResourcesBuildPhase section */

/* Begin PBXShellScriptBuildPhase section */
		2DE4AA1E2CA60ABDA7F730CA /* Copy Pods Resources */ = {
			isa = PBXShellScriptBuildPhase;
			buildActionMask = 2147483647;
			files = (
			);
			inputPaths = (
			);
			name = "Copy Pods Resources";
			outputPaths = (
			);
			runOnlyForDeploymentPostprocessing = 0;
			shellPath = /bin/sh;
			shellScript = "\"${SRCROOT}/Pods/Target Support Files/Pods-MobileSimulatorTests/Pods-MobileSimulatorTests-resources.sh\"\n";
			showEnvVarsInLog = 0;
		};
		38F68A18290171CAFFC2EEEF /* Copy Pods Resources */ = {
			isa = PBXShellScriptBuildPhase;
			buildActionMask = 2147483647;
			files = (
			);
			inputPaths = (
			);
			name = "Copy Pods Resources";
			outputPaths = (
			);
			runOnlyForDeploymentPostprocessing = 0;
			shellPath = /bin/sh;
			shellScript = "\"${SRCROOT}/Pods/Target Support Files/Pods-MobileSimulator/Pods-MobileSimulator-resources.sh\"\n";
			showEnvVarsInLog = 0;
		};
		4C5E5A39C4615425660560FB /* Check Pods Manifest.lock */ = {
			isa = PBXShellScriptBuildPhase;
			buildActionMask = 2147483647;
			files = (
			);
			inputPaths = (
			);
			name = "Check Pods Manifest.lock";
			outputPaths = (
			);
			runOnlyForDeploymentPostprocessing = 0;
			shellPath = /bin/sh;
			shellScript = "diff \"${PODS_ROOT}/../Podfile.lock\" \"${PODS_ROOT}/Manifest.lock\" > /dev/null\nif [[ $? != 0 ]] ; then\n    cat << EOM\nerror: The sandbox is not in sync with the Podfile.lock. Run 'pod install' or update your CocoaPods installation.\nEOM\n    exit 1\nfi\n";
			showEnvVarsInLog = 0;
		};
		7F445A1268B02A5064D567C7 /* Check Pods Manifest.lock */ = {
			isa = PBXShellScriptBuildPhase;
			buildActionMask = 2147483647;
			files = (
			);
			inputPaths = (
			);
			name = "Check Pods Manifest.lock";
			outputPaths = (
			);
			runOnlyForDeploymentPostprocessing = 0;
			shellPath = /bin/sh;
			shellScript = "diff \"${PODS_ROOT}/../Podfile.lock\" \"${PODS_ROOT}/Manifest.lock\" > /dev/null\nif [[ $? != 0 ]] ; then\n    cat << EOM\nerror: The sandbox is not in sync with the Podfile.lock. Run 'pod install' or update your CocoaPods installation.\nEOM\n    exit 1\nfi\n";
			showEnvVarsInLog = 0;
		};
/* End PBXShellScriptBuildPhase section */

/* Begin PBXSourcesBuildPhase section */
		AFCE20F41A5F3A2200632744 /* Sources */ = {
			isa = PBXSourcesBuildPhase;
			buildActionMask = 2147483647;
			files = (
				AFE7A7B41A9F3D610039FEE4 /* DCMPlans.swift in Sources */,
				AFE7A7B01A9F3D550039FEE4 /* DateUtility.swift in Sources */,
				AFE7A7861A9F3B2B0039FEE4 /* SweetAlert.swift in Sources */,
				AF081E801A9FBF7900DF2510 /* DPAlertViewController.swift in Sources */,
				AFE7A7931A9F3B4D0039FEE4 /* RootTabBarController.swift in Sources */,
				AFE7A7871A9F3B2B0039FEE4 /* VersionChecker.swift in Sources */,
				AFE7A7AC1A9F3D410039FEE4 /* SBPlans.swift in Sources */,
				AFE7A7941A9F3B4D0039FEE4 /* ScheduleViewController.swift in Sources */,
				AFE7A7911A9F3B4D0039FEE4 /* AUViewController.swift in Sources */,
				AFE7A7851A9F3B2B0039FEE4 /* CircuitCollectionViewCell.swift in Sources */,
				AFE7A78A1A9F3B410039FEE4 /* Extension.swift in Sources */,
				AFE7A7AE1A9F3D500039FEE4 /* AUPlans.swift in Sources */,
				AFE7A7921A9F3B4D0039FEE4 /* DocomoViewController.swift in Sources */,
				AFE7A7951A9F3B4D0039FEE4 /* SoftbankViewController.swift in Sources */,
				AFCE20FE1A5F3A2200632744 /* AppDelegate.swift in Sources */,
			);
			runOnlyForDeploymentPostprocessing = 0;
		};
		AFCE21091A5F3A2200632744 /* Sources */ = {
			isa = PBXSourcesBuildPhase;
			buildActionMask = 2147483647;
			files = (
				AFCE21141A5F3A2200632744 /* MobileSimulatorTests.swift in Sources */,
			);
			runOnlyForDeploymentPostprocessing = 0;
		};
/* End PBXSourcesBuildPhase section */

/* Begin PBXTargetDependency section */
		AFCE210F1A5F3A2200632744 /* PBXTargetDependency */ = {
			isa = PBXTargetDependency;
			target = AFCE20F71A5F3A2200632744 /* MobileSimulator */;
			targetProxy = AFCE210E1A5F3A2200632744 /* PBXContainerItemProxy */;
		};
/* End PBXTargetDependency section */

/* Begin PBXVariantGroup section */
		AFCE21011A5F3A2200632744 /* Main.storyboard */ = {
			isa = PBXVariantGroup;
			children = (
				AFCE21021A5F3A2200632744 /* Base */,
			);
			name = Main.storyboard;
			sourceTree = "<group>";
		};
/* End PBXVariantGroup section */

/* Begin XCBuildConfiguration section */
		AFCE21151A5F3A2200632744 /* Debug */ = {
			isa = XCBuildConfiguration;
			buildSettings = {
				ALWAYS_SEARCH_USER_PATHS = NO;
				CLANG_CXX_LANGUAGE_STANDARD = "gnu++0x";
				CLANG_CXX_LIBRARY = "libc++";
				CLANG_ENABLE_MODULES = YES;
				CLANG_ENABLE_OBJC_ARC = YES;
				CLANG_WARN_BOOL_CONVERSION = YES;
				CLANG_WARN_CONSTANT_CONVERSION = YES;
				CLANG_WARN_DIRECT_OBJC_ISA_USAGE = YES_ERROR;
				CLANG_WARN_EMPTY_BODY = YES;
				CLANG_WARN_ENUM_CONVERSION = YES;
				CLANG_WARN_INT_CONVERSION = YES;
				CLANG_WARN_OBJC_ROOT_CLASS = YES_ERROR;
				CLANG_WARN_UNREACHABLE_CODE = YES;
				CLANG_WARN__DUPLICATE_METHOD_MATCH = YES;
				CODE_SIGN_IDENTITY = "iPhone Developer: Daisuke Masuhara (7DDW2PTU3E)";
				"CODE_SIGN_IDENTITY[sdk=iphoneos*]" = "iPhone Developer: Daisuke Masuhara (7DDW2PTU3E)";
				COPY_PHASE_STRIP = NO;
				ENABLE_STRICT_OBJC_MSGSEND = YES;
				GCC_C_LANGUAGE_STANDARD = gnu99;
				GCC_DYNAMIC_NO_PIC = NO;
				GCC_OPTIMIZATION_LEVEL = 0;
				GCC_PREPROCESSOR_DEFINITIONS = (
					"DEBUG=1",
					"$(inherited)",
				);
				GCC_SYMBOLS_PRIVATE_EXTERN = NO;
				GCC_WARN_64_TO_32_BIT_CONVERSION = YES;
				GCC_WARN_ABOUT_RETURN_TYPE = YES_ERROR;
				GCC_WARN_UNDECLARED_SELECTOR = YES;
				GCC_WARN_UNINITIALIZED_AUTOS = YES_AGGRESSIVE;
				GCC_WARN_UNUSED_FUNCTION = YES;
				GCC_WARN_UNUSED_VARIABLE = YES;
				IPHONEOS_DEPLOYMENT_TARGET = 8.1;
				MTL_ENABLE_DEBUG_INFO = YES;
				ONLY_ACTIVE_ARCH = YES;
				PROVISIONING_PROFILE = "2a9f7756-9d5c-4f2b-83c1-3812c0fc69c0";
				SDKROOT = iphoneos;
				SWIFT_OPTIMIZATION_LEVEL = "-Onone";
			};
			name = Debug;
		};
		AFCE21161A5F3A2200632744 /* Release */ = {
			isa = XCBuildConfiguration;
			buildSettings = {
				ALWAYS_SEARCH_USER_PATHS = NO;
				CLANG_CXX_LANGUAGE_STANDARD = "gnu++0x";
				CLANG_CXX_LIBRARY = "libc++";
				CLANG_ENABLE_MODULES = YES;
				CLANG_ENABLE_OBJC_ARC = YES;
				CLANG_WARN_BOOL_CONVERSION = YES;
				CLANG_WARN_CONSTANT_CONVERSION = YES;
				CLANG_WARN_DIRECT_OBJC_ISA_USAGE = YES_ERROR;
				CLANG_WARN_EMPTY_BODY = YES;
				CLANG_WARN_ENUM_CONVERSION = YES;
				CLANG_WARN_INT_CONVERSION = YES;
				CLANG_WARN_OBJC_ROOT_CLASS = YES_ERROR;
				CLANG_WARN_UNREACHABLE_CODE = YES;
				CLANG_WARN__DUPLICATE_METHOD_MATCH = YES;
				CODE_SIGN_IDENTITY = "iPhone Developer: Daisuke Masuhara (7DDW2PTU3E)";
				"CODE_SIGN_IDENTITY[sdk=iphoneos*]" = "iPhone Developer: Daisuke Masuhara (7DDW2PTU3E)";
				COPY_PHASE_STRIP = YES;
				ENABLE_NS_ASSERTIONS = NO;
				ENABLE_STRICT_OBJC_MSGSEND = YES;
				GCC_C_LANGUAGE_STANDARD = gnu99;
				GCC_WARN_64_TO_32_BIT_CONVERSION = YES;
				GCC_WARN_ABOUT_RETURN_TYPE = YES_ERROR;
				GCC_WARN_UNDECLARED_SELECTOR = YES;
				GCC_WARN_UNINITIALIZED_AUTOS = YES_AGGRESSIVE;
				GCC_WARN_UNUSED_FUNCTION = YES;
				GCC_WARN_UNUSED_VARIABLE = YES;
				IPHONEOS_DEPLOYMENT_TARGET = 8.1;
				MTL_ENABLE_DEBUG_INFO = NO;
				PROVISIONING_PROFILE = "2a9f7756-9d5c-4f2b-83c1-3812c0fc69c0";
				SDKROOT = iphoneos;
				VALIDATE_PRODUCT = YES;
			};
			name = Release;
		};
		AFCE21181A5F3A2200632744 /* Debug */ = {
			isa = XCBuildConfiguration;
			baseConfigurationReference = 4A67E27B7791D4705F2575CB /* Pods-MobileSimulator.debug.xcconfig */;
			buildSettings = {
				ASSETCATALOG_COMPILER_APPICON_NAME = AppIcon;
				CLANG_ENABLE_MODULES = YES;
				CODE_SIGN_IDENTITY = "iPhone Developer: Daisuke Masuhara (7DDW2PTU3E)";
				INFOPLIST_FILE = MobileSimulator/Info.plist;
				IPHONEOS_DEPLOYMENT_TARGET = 7.0;
				LD_RUNPATH_SEARCH_PATHS = "$(inherited) @executable_path/Frameworks";
				PRODUCT_NAME = "$(TARGET_NAME)";
				PROVISIONING_PROFILE = "2a9f7756-9d5c-4f2b-83c1-3812c0fc69c0";
				SWIFT_OBJC_BRIDGING_HEADER = "MobileSimulator/images/Defaults/MobileSimulator-Bridging-Header.h";
				SWIFT_OPTIMIZATION_LEVEL = "-Onone";
			};
			name = Debug;
		};
		AFCE21191A5F3A2200632744 /* Release */ = {
			isa = XCBuildConfiguration;
			baseConfigurationReference = 56DCC7B9D61480CFD508C9E5 /* Pods-MobileSimulator.release.xcconfig */;
			buildSettings = {
				ASSETCATALOG_COMPILER_APPICON_NAME = AppIcon;
				CLANG_ENABLE_MODULES = YES;
				CODE_SIGN_IDENTITY = "iPhone Developer: Daisuke Masuhara (7DDW2PTU3E)";
				INFOPLIST_FILE = MobileSimulator/Info.plist;
				IPHONEOS_DEPLOYMENT_TARGET = 7.0;
				LD_RUNPATH_SEARCH_PATHS = "$(inherited) @executable_path/Frameworks";
				PRODUCT_NAME = "$(TARGET_NAME)";
				PROVISIONING_PROFILE = "2a9f7756-9d5c-4f2b-83c1-3812c0fc69c0";
				SWIFT_OBJC_BRIDGING_HEADER = "MobileSimulator/images/Defaults/MobileSimulator-Bridging-Header.h";
			};
			name = Release;
		};
		AFCE211B1A5F3A2200632744 /* Debug */ = {
			isa = XCBuildConfiguration;
			baseConfigurationReference = 40207044E40F949456977E4B /* Pods-MobileSimulatorTests.debug.xcconfig */;
			buildSettings = {
				BUNDLE_LOADER = "$(TEST_HOST)";
				CODE_SIGN_IDENTITY = "iPhone Developer";
				"CODE_SIGN_IDENTITY[sdk=iphoneos*]" = "iPhone Developer";
				FRAMEWORK_SEARCH_PATHS = (
					"$(SDKROOT)/Developer/Library/Frameworks",
					"$(inherited)",
				);
				GCC_PREPROCESSOR_DEFINITIONS = (
					"DEBUG=1",
					"$(inherited)",
				);
				INFOPLIST_FILE = MobileSimulatorTests/Info.plist;
				LD_RUNPATH_SEARCH_PATHS = "$(inherited) @executable_path/Frameworks @loader_path/Frameworks";
				PRODUCT_NAME = "$(TARGET_NAME)";
				PROVISIONING_PROFILE = "";
				TEST_HOST = "$(BUILT_PRODUCTS_DIR)/MobileSimulator.app/MobileSimulator";
			};
			name = Debug;
		};
		AFCE211C1A5F3A2200632744 /* Release */ = {
			isa = XCBuildConfiguration;
			baseConfigurationReference = ECEA83077D468102DD97B4F3 /* Pods-MobileSimulatorTests.release.xcconfig */;
			buildSettings = {
				BUNDLE_LOADER = "$(TEST_HOST)";
				CODE_SIGN_IDENTITY = "iPhone Developer";
				"CODE_SIGN_IDENTITY[sdk=iphoneos*]" = "iPhone Developer";
				FRAMEWORK_SEARCH_PATHS = (
					"$(SDKROOT)/Developer/Library/Frameworks",
					"$(inherited)",
				);
				INFOPLIST_FILE = MobileSimulatorTests/Info.plist;
				LD_RUNPATH_SEARCH_PATHS = "$(inherited) @executable_path/Frameworks @loader_path/Frameworks";
				PRODUCT_NAME = "$(TARGET_NAME)";
				PROVISIONING_PROFILE = "";
				TEST_HOST = "$(BUILT_PRODUCTS_DIR)/MobileSimulator.app/MobileSimulator";
			};
			name = Release;
		};
/* End XCBuildConfiguration section */

/* Begin XCConfigurationList section */
		AFCE20F31A5F3A2200632744 /* Build configuration list for PBXProject "MobileSimulator" */ = {
			isa = XCConfigurationList;
			buildConfigurations = (
				AFCE21151A5F3A2200632744 /* Debug */,
				AFCE21161A5F3A2200632744 /* Release */,
			);
			defaultConfigurationIsVisible = 0;
			defaultConfigurationName = Release;
		};
		AFCE21171A5F3A2200632744 /* Build configuration list for PBXNativeTarget "MobileSimulator" */ = {
			isa = XCConfigurationList;
			buildConfigurations = (
				AFCE21181A5F3A2200632744 /* Debug */,
				AFCE21191A5F3A2200632744 /* Release */,
			);
			defaultConfigurationIsVisible = 0;
			defaultConfigurationName = Release;
		};
		AFCE211A1A5F3A2200632744 /* Build configuration list for PBXNativeTarget "MobileSimulatorTests" */ = {
			isa = XCConfigurationList;
			buildConfigurations = (
				AFCE211B1A5F3A2200632744 /* Debug */,
				AFCE211C1A5F3A2200632744 /* Release */,
			);
			defaultConfigurationIsVisible = 0;
			defaultConfigurationName = Release;
		};
/* End XCConfigurationList section */
	};
	rootObject = AFCE20F01A5F3A2200632744 /* Project object */;
}
