// !$*UTF8*$!
{
	archiveVersion = 1;
	classes = {
	};
	objectVersion = 46;
	objects = {

/* Begin PBXBuildFile section */
		AFC502391A957D00002A4BD1 /* AUPlans.swift in Sources */ = {isa = PBXBuildFile; fileRef = AFC502381A957D00002A4BD1 /* AUPlans.swift */; };
		AFC5023B1A957D25002A4BD1 /* SBPlans.swift in Sources */ = {isa = PBXBuildFile; fileRef = AFC5023A1A957D25002A4BD1 /* SBPlans.swift */; };
		AFC5023D1A957D46002A4BD1 /* DCMPlans.swift in Sources */ = {isa = PBXBuildFile; fileRef = AFC5023C1A957D46002A4BD1 /* DCMPlans.swift */; };
		AFCE20FE1A5F3A2200632744 /* AppDelegate.swift in Sources */ = {isa = PBXBuildFile; fileRef = AFCE20FD1A5F3A2200632744 /* AppDelegate.swift */; };
		AFCE21031A5F3A2200632744 /* Main.storyboard in Resources */ = {isa = PBXBuildFile; fileRef = AFCE21011A5F3A2200632744 /* Main.storyboard */; };
		AFCE21051A5F3A2200632744 /* Images.xcassets in Resources */ = {isa = PBXBuildFile; fileRef = AFCE21041A5F3A2200632744 /* Images.xcassets */; };
		AFCE21081A5F3A2200632744 /* LaunchScreen.xib in Resources */ = {isa = PBXBuildFile; fileRef = AFCE21061A5F3A2200632744 /* LaunchScreen.xib */; };
		AFCE21141A5F3A2200632744 /* MobileSimulatorTests.swift in Sources */ = {isa = PBXBuildFile; fileRef = AFCE21131A5F3A2200632744 /* MobileSimulatorTests.swift */; };
		AFCE21211A5F3CFE00632744 /* Default-568h@2x.png in Resources */ = {isa = PBXBuildFile; fileRef = AFCE211E1A5F3CFE00632744 /* Default-568h@2x.png */; };
		AFCE21221A5F3CFE00632744 /* Default-667h@2x.png in Resources */ = {isa = PBXBuildFile; fileRef = AFCE211F1A5F3CFE00632744 /* Default-667h@2x.png */; };
		AFCE21231A5F3CFE00632744 /* Default-736h@3x.png in Resources */ = {isa = PBXBuildFile; fileRef = AFCE21201A5F3CFE00632744 /* Default-736h@3x.png */; };
		AFCE21251A5F4C0000632744 /* SoftbankViewController.swift in Sources */ = {isa = PBXBuildFile; fileRef = AFCE21241A5F4C0000632744 /* SoftbankViewController.swift */; };
		AFCE21271A5F4C1300632744 /* AUViewController.swift in Sources */ = {isa = PBXBuildFile; fileRef = AFCE21261A5F4C1300632744 /* AUViewController.swift */; };
		AFCE21291A5F4C2600632744 /* DocomoViewController.swift in Sources */ = {isa = PBXBuildFile; fileRef = AFCE21281A5F4C2600632744 /* DocomoViewController.swift */; };
		AFCE212B1A5F541800632744 /* FOT-ComicReggaeStd-B.otf in Resources */ = {isa = PBXBuildFile; fileRef = AFCE212A1A5F541800632744 /* FOT-ComicReggaeStd-B.otf */; };
		AFCE21441A5F5FB400632744 /* RootTabBarController.swift in Sources */ = {isa = PBXBuildFile; fileRef = AFCE21431A5F5FB400632744 /* RootTabBarController.swift */; };
		AFCE21641A5F72B700632744 /* Icon-40.png in Resources */ = {isa = PBXBuildFile; fileRef = AFCE21471A5F72B700632744 /* Icon-40.png */; };
		AFCE21651A5F72B700632744 /* Icon-40@2x.png in Resources */ = {isa = PBXBuildFile; fileRef = AFCE21481A5F72B700632744 /* Icon-40@2x.png */; };
		AFCE21661A5F72B700632744 /* Icon-40@3x.png in Resources */ = {isa = PBXBuildFile; fileRef = AFCE21491A5F72B700632744 /* Icon-40@3x.png */; };
		AFCE21671A5F72B700632744 /* Icon-60.png in Resources */ = {isa = PBXBuildFile; fileRef = AFCE214A1A5F72B700632744 /* Icon-60.png */; };
		AFCE21681A5F72B700632744 /* Icon-60@2x.png in Resources */ = {isa = PBXBuildFile; fileRef = AFCE214B1A5F72B700632744 /* Icon-60@2x.png */; };
		AFCE21691A5F72B700632744 /* Icon-60@3x.png in Resources */ = {isa = PBXBuildFile; fileRef = AFCE214C1A5F72B700632744 /* Icon-60@3x.png */; };
		AFCE216A1A5F72B700632744 /* Icon-72.png in Resources */ = {isa = PBXBuildFile; fileRef = AFCE214D1A5F72B700632744 /* Icon-72.png */; };
		AFCE216B1A5F72B700632744 /* Icon-72@2x.png in Resources */ = {isa = PBXBuildFile; fileRef = AFCE214E1A5F72B700632744 /* Icon-72@2x.png */; };
		AFCE216C1A5F72B700632744 /* Icon-76.png in Resources */ = {isa = PBXBuildFile; fileRef = AFCE214F1A5F72B700632744 /* Icon-76.png */; };
		AFCE216D1A5F72B700632744 /* Icon-76@2x.png in Resources */ = {isa = PBXBuildFile; fileRef = AFCE21501A5F72B700632744 /* Icon-76@2x.png */; };
		AFCE216E1A5F72B700632744 /* Icon-Small-50.png in Resources */ = {isa = PBXBuildFile; fileRef = AFCE21511A5F72B700632744 /* Icon-Small-50.png */; };
		AFCE216F1A5F72B700632744 /* Icon-Small-50@2x.png in Resources */ = {isa = PBXBuildFile; fileRef = AFCE21521A5F72B700632744 /* Icon-Small-50@2x.png */; };
		AFCE21701A5F72B700632744 /* Icon-Small.png in Resources */ = {isa = PBXBuildFile; fileRef = AFCE21531A5F72B700632744 /* Icon-Small.png */; };
		AFCE21711A5F72B700632744 /* Icon-Small@2x.png in Resources */ = {isa = PBXBuildFile; fileRef = AFCE21541A5F72B700632744 /* Icon-Small@2x.png */; };
		AFCE21721A5F72B700632744 /* Icon-Small@3x.png in Resources */ = {isa = PBXBuildFile; fileRef = AFCE21551A5F72B700632744 /* Icon-Small@3x.png */; };
		AFCE21731A5F72B700632744 /* Icon.png in Resources */ = {isa = PBXBuildFile; fileRef = AFCE21561A5F72B700632744 /* Icon.png */; };
		AFCE21741A5F72B700632744 /* Icon@2x.png in Resources */ = {isa = PBXBuildFile; fileRef = AFCE21571A5F72B700632744 /* Icon@2x.png */; };
		AFCE21751A5F72B700632744 /* iTunesArtwork.png in Resources */ = {isa = PBXBuildFile; fileRef = AFCE21581A5F72B700632744 /* iTunesArtwork.png */; };
		AFCE21761A5F72B700632744 /* iTunesArtwork@2x.png in Resources */ = {isa = PBXBuildFile; fileRef = AFCE21591A5F72B700632744 /* iTunesArtwork@2x.png */; };
		AFE7A75D1A9CFD6A0039FEE4 /* tabbar_bg_black.png in Resources */ = {isa = PBXBuildFile; fileRef = AFE7A75B1A9CFD6A0039FEE4 /* tabbar_bg_black.png */; };
		AFE7A75E1A9CFD6A0039FEE4 /* tabbar_bg_black@2x.png in Resources */ = {isa = PBXBuildFile; fileRef = AFE7A75C1A9CFD6A0039FEE4 /* tabbar_bg_black@2x.png */; };
		AFE7A7651A9D00460039FEE4 /* au_deselected@2x.png in Resources */ = {isa = PBXBuildFile; fileRef = AFE7A75F1A9D00460039FEE4 /* au_deselected@2x.png */; };
		AFE7A7661A9D00460039FEE4 /* au_selected@2x.png in Resources */ = {isa = PBXBuildFile; fileRef = AFE7A7601A9D00460039FEE4 /* au_selected@2x.png */; };
		AFE7A7671A9D00460039FEE4 /* docomo_deselected@2x.png in Resources */ = {isa = PBXBuildFile; fileRef = AFE7A7611A9D00460039FEE4 /* docomo_deselected@2x.png */; };
		AFE7A7681A9D00460039FEE4 /* docomo_selected@2x.png in Resources */ = {isa = PBXBuildFile; fileRef = AFE7A7621A9D00460039FEE4 /* docomo_selected@2x.png */; };
		AFE7A7691A9D00460039FEE4 /* softbank_deselected@2x.png in Resources */ = {isa = PBXBuildFile; fileRef = AFE7A7631A9D00460039FEE4 /* softbank_deselected@2x.png */; };
		AFE7A76A1A9D00460039FEE4 /* softbank_selected@2x.png in Resources */ = {isa = PBXBuildFile; fileRef = AFE7A7641A9D00460039FEE4 /* softbank_selected@2x.png */; };
		AFE7A76C1A9D0A010039FEE4 /* Extension.swift in Sources */ = {isa = PBXBuildFile; fileRef = AFE7A76B1A9D0A010039FEE4 /* Extension.swift */; };
		C80D08ABB60F09A3E855D97F /* libPods-MobileSimulator.a in Frameworks */ = {isa = PBXBuildFile; fileRef = AAA6B29EFC0F387328D059BB /* libPods-MobileSimulator.a */; };
		F0D7677CB3699AFE5B23AD32 /* libPods-MobileSimulatorTests.a in Frameworks */ = {isa = PBXBuildFile; fileRef = 039D9A5CBA2914500E304838 /* libPods-MobileSimulatorTests.a */; };
/* End PBXBuildFile section */

/* Begin PBXContainerItemProxy section */
		AFCE210E1A5F3A2200632744 /* PBXContainerItemProxy */ = {
			isa = PBXContainerItemProxy;
			containerPortal = AFCE20F01A5F3A2200632744 /* Project object */;
			proxyType = 1;
			remoteGlobalIDString = AFCE20F71A5F3A2200632744;
			remoteInfo = MobileSimulator;
		};
/* End PBXContainerItemProxy section */

/* Begin PBXFileReference section */
		039D9A5CBA2914500E304838 /* libPods-MobileSimulatorTests.a */ = {isa = PBXFileReference; explicitFileType = archive.ar; includeInIndex = 0; path = "libPods-MobileSimulatorTests.a"; sourceTree = BUILT_PRODUCTS_DIR; };
		40207044E40F949456977E4B /* Pods-MobileSimulatorTests.debug.xcconfig */ = {isa = PBXFileReference; includeInIndex = 1; lastKnownFileType = text.xcconfig; name = "Pods-MobileSimulatorTests.debug.xcconfig"; path = "Pods/Target Support Files/Pods-MobileSimulatorTests/Pods-MobileSimulatorTests.debug.xcconfig"; sourceTree = "<group>"; };
		4A67E27B7791D4705F2575CB /* Pods-MobileSimulator.debug.xcconfig */ = {isa = PBXFileReference; includeInIndex = 1; lastKnownFileType = text.xcconfig; name = "Pods-MobileSimulator.debug.xcconfig"; path = "Pods/Target Support Files/Pods-MobileSimulator/Pods-MobileSimulator.debug.xcconfig"; sourceTree = "<group>"; };
		56DCC7B9D61480CFD508C9E5 /* Pods-MobileSimulator.release.xcconfig */ = {isa = PBXFileReference; includeInIndex = 1; lastKnownFileType = text.xcconfig; name = "Pods-MobileSimulator.release.xcconfig"; path = "Pods/Target Support Files/Pods-MobileSimulator/Pods-MobileSimulator.release.xcconfig"; sourceTree = "<group>"; };
		AAA6B29EFC0F387328D059BB /* libPods-MobileSimulator.a */ = {isa = PBXFileReference; explicitFileType = archive.ar; includeInIndex = 0; path = "libPods-MobileSimulator.a"; sourceTree = BUILT_PRODUCTS_DIR; };
		AFC502381A957D00002A4BD1 /* AUPlans.swift */ = {isa = PBXFileReference; fileEncoding = 4; lastKnownFileType = sourcecode.swift; name = AUPlans.swift; path = Models/AUPlans.swift; sourceTree = "<group>"; };
		AFC5023A1A957D25002A4BD1 /* SBPlans.swift */ = {isa = PBXFileReference; fileEncoding = 4; lastKnownFileType = sourcecode.swift; name = SBPlans.swift; path = Models/SBPlans.swift; sourceTree = "<group>"; };
		AFC5023C1A957D46002A4BD1 /* DCMPlans.swift */ = {isa = PBXFileReference; fileEncoding = 4; lastKnownFileType = sourcecode.swift; name = DCMPlans.swift; path = Models/DCMPlans.swift; sourceTree = "<group>"; };
		AFCE20F81A5F3A2200632744 /* MobileSimulator.app */ = {isa = PBXFileReference; explicitFileType = wrapper.application; includeInIndex = 0; path = MobileSimulator.app; sourceTree = BUILT_PRODUCTS_DIR; };
		AFCE20FC1A5F3A2200632744 /* Info.plist */ = {isa = PBXFileReference; lastKnownFileType = text.plist.xml; path = Info.plist; sourceTree = "<group>"; };
		AFCE20FD1A5F3A2200632744 /* AppDelegate.swift */ = {isa = PBXFileReference; lastKnownFileType = sourcecode.swift; path = AppDelegate.swift; sourceTree = "<group>"; };
		AFCE21021A5F3A2200632744 /* Base */ = {isa = PBXFileReference; lastKnownFileType = file.storyboard; name = Base; path = Base.lproj/Main.storyboard; sourceTree = "<group>"; };
		AFCE21041A5F3A2200632744 /* Images.xcassets */ = {isa = PBXFileReference; lastKnownFileType = folder.assetcatalog; path = Images.xcassets; sourceTree = "<group>"; };
		AFCE21071A5F3A2200632744 /* Base */ = {isa = PBXFileReference; lastKnownFileType = file.xib; name = Base; path = Base.lproj/LaunchScreen.xib; sourceTree = "<group>"; };
		AFCE210D1A5F3A2200632744 /* MobileSimulatorTests.xctest */ = {isa = PBXFileReference; explicitFileType = wrapper.cfbundle; includeInIndex = 0; path = MobileSimulatorTests.xctest; sourceTree = BUILT_PRODUCTS_DIR; };
		AFCE21121A5F3A2200632744 /* Info.plist */ = {isa = PBXFileReference; lastKnownFileType = text.plist.xml; path = Info.plist; sourceTree = "<group>"; };
		AFCE21131A5F3A2200632744 /* MobileSimulatorTests.swift */ = {isa = PBXFileReference; lastKnownFileType = sourcecode.swift; path = MobileSimulatorTests.swift; sourceTree = "<group>"; };
		AFCE211E1A5F3CFE00632744 /* Default-568h@2x.png */ = {isa = PBXFileReference; lastKnownFileType = image.png; path = "Default-568h@2x.png"; sourceTree = "<group>"; };
		AFCE211F1A5F3CFE00632744 /* Default-667h@2x.png */ = {isa = PBXFileReference; lastKnownFileType = image.png; path = "Default-667h@2x.png"; sourceTree = "<group>"; };
		AFCE21201A5F3CFE00632744 /* Default-736h@3x.png */ = {isa = PBXFileReference; lastKnownFileType = image.png; path = "Default-736h@3x.png"; sourceTree = "<group>"; };
		AFCE21241A5F4C0000632744 /* SoftbankViewController.swift */ = {isa = PBXFileReference; fileEncoding = 4; lastKnownFileType = sourcecode.swift; path = SoftbankViewController.swift; sourceTree = "<group>"; };
		AFCE21261A5F4C1300632744 /* AUViewController.swift */ = {isa = PBXFileReference; fileEncoding = 4; lastKnownFileType = sourcecode.swift; path = AUViewController.swift; sourceTree = "<group>"; };
		AFCE21281A5F4C2600632744 /* DocomoViewController.swift */ = {isa = PBXFileReference; fileEncoding = 4; lastKnownFileType = sourcecode.swift; path = DocomoViewController.swift; sourceTree = "<group>"; };
		AFCE212A1A5F541800632744 /* FOT-ComicReggaeStd-B.otf */ = {isa = PBXFileReference; lastKnownFileType = file; path = "FOT-ComicReggaeStd-B.otf"; sourceTree = "<group>"; };
		AFCE21431A5F5FB400632744 /* RootTabBarController.swift */ = {isa = PBXFileReference; fileEncoding = 4; lastKnownFileType = sourcecode.swift; path = RootTabBarController.swift; sourceTree = "<group>"; };
		AFCE21471A5F72B700632744 /* Icon-40.png */ = {isa = PBXFileReference; lastKnownFileType = image.png; path = "Icon-40.png"; sourceTree = "<group>"; };
		AFCE21481A5F72B700632744 /* Icon-40@2x.png */ = {isa = PBXFileReference; lastKnownFileType = image.png; path = "Icon-40@2x.png"; sourceTree = "<group>"; };
		AFCE21491A5F72B700632744 /* Icon-40@3x.png */ = {isa = PBXFileReference; lastKnownFileType = image.png; path = "Icon-40@3x.png"; sourceTree = "<group>"; };
		AFCE214A1A5F72B700632744 /* Icon-60.png */ = {isa = PBXFileReference; lastKnownFileType = image.png; path = "Icon-60.png"; sourceTree = "<group>"; };
		AFCE214B1A5F72B700632744 /* Icon-60@2x.png */ = {isa = PBXFileReference; lastKnownFileType = image.png; path = "Icon-60@2x.png"; sourceTree = "<group>"; };
		AFCE214C1A5F72B700632744 /* Icon-60@3x.png */ = {isa = PBXFileReference; lastKnownFileType = image.png; path = "Icon-60@3x.png"; sourceTree = "<group>"; };
		AFCE214D1A5F72B700632744 /* Icon-72.png */ = {isa = PBXFileReference; lastKnownFileType = image.png; path = "Icon-72.png"; sourceTree = "<group>"; };
		AFCE214E1A5F72B700632744 /* Icon-72@2x.png */ = {isa = PBXFileReference; lastKnownFileType = image.png; path = "Icon-72@2x.png"; sourceTree = "<group>"; };
		AFCE214F1A5F72B700632744 /* Icon-76.png */ = {isa = PBXFileReference; lastKnownFileType = image.png; path = "Icon-76.png"; sourceTree = "<group>"; };
		AFCE21501A5F72B700632744 /* Icon-76@2x.png */ = {isa = PBXFileReference; lastKnownFileType = image.png; path = "Icon-76@2x.png"; sourceTree = "<group>"; };
		AFCE21511A5F72B700632744 /* Icon-Small-50.png */ = {isa = PBXFileReference; lastKnownFileType = image.png; path = "Icon-Small-50.png"; sourceTree = "<group>"; };
		AFCE21521A5F72B700632744 /* Icon-Small-50@2x.png */ = {isa = PBXFileReference; lastKnownFileType = image.png; path = "Icon-Small-50@2x.png"; sourceTree = "<group>"; };
		AFCE21531A5F72B700632744 /* Icon-Small.png */ = {isa = PBXFileReference; lastKnownFileType = image.png; path = "Icon-Small.png"; sourceTree = "<group>"; };
		AFCE21541A5F72B700632744 /* Icon-Small@2x.png */ = {isa = PBXFileReference; lastKnownFileType = image.png; path = "Icon-Small@2x.png"; sourceTree = "<group>"; };
		AFCE21551A5F72B700632744 /* Icon-Small@3x.png */ = {isa = PBXFileReference; lastKnownFileType = image.png; path = "Icon-Small@3x.png"; sourceTree = "<group>"; };
		AFCE21561A5F72B700632744 /* Icon.png */ = {isa = PBXFileReference; lastKnownFileType = image.png; path = Icon.png; sourceTree = "<group>"; };
		AFCE21571A5F72B700632744 /* Icon@2x.png */ = {isa = PBXFileReference; lastKnownFileType = image.png; path = "Icon@2x.png"; sourceTree = "<group>"; };
		AFCE21581A5F72B700632744 /* iTunesArtwork.png */ = {isa = PBXFileReference; lastKnownFileType = image.png; path = iTunesArtwork.png; sourceTree = "<group>"; };
		AFCE21591A5F72B700632744 /* iTunesArtwork@2x.png */ = {isa = PBXFileReference; lastKnownFileType = image.png; path = "iTunesArtwork@2x.png"; sourceTree = "<group>"; };
		AFE7A7511A9CDED50039FEE4 /* MobileSimulator-Bridging-Header.h */ = {isa = PBXFileReference; lastKnownFileType = sourcecode.c.h; name = "MobileSimulator-Bridging-Header.h"; path = "Defaults/MobileSimulator-Bridging-Header.h"; sourceTree = "<group>"; };
		AFE7A75B1A9CFD6A0039FEE4 /* tabbar_bg_black.png */ = {isa = PBXFileReference; lastKnownFileType = image.png; path = tabbar_bg_black.png; sourceTree = "<group>"; };
		AFE7A75C1A9CFD6A0039FEE4 /* tabbar_bg_black@2x.png */ = {isa = PBXFileReference; lastKnownFileType = image.png; path = "tabbar_bg_black@2x.png"; sourceTree = "<group>"; };
		AFE7A75F1A9D00460039FEE4 /* au_deselected@2x.png */ = {isa = PBXFileReference; lastKnownFileType = image.png; path = "au_deselected@2x.png"; sourceTree = "<group>"; };
		AFE7A7601A9D00460039FEE4 /* au_selected@2x.png */ = {isa = PBXFileReference; lastKnownFileType = image.png; path = "au_selected@2x.png"; sourceTree = "<group>"; };
		AFE7A7611A9D00460039FEE4 /* docomo_deselected@2x.png */ = {isa = PBXFileReference; lastKnownFileType = image.png; path = "docomo_deselected@2x.png"; sourceTree = "<group>"; };
		AFE7A7621A9D00460039FEE4 /* docomo_selected@2x.png */ = {isa = PBXFileReference; lastKnownFileType = image.png; path = "docomo_selected@2x.png"; sourceTree = "<group>"; };
		AFE7A7631A9D00460039FEE4 /* softbank_deselected@2x.png */ = {isa = PBXFileReference; lastKnownFileType = image.png; path = "softbank_deselected@2x.png"; sourceTree = "<group>"; };
		AFE7A7641A9D00460039FEE4 /* softbank_selected@2x.png */ = {isa = PBXFileReference; lastKnownFileType = image.png; path = "softbank_selected@2x.png"; sourceTree = "<group>"; };
		AFE7A76B1A9D0A010039FEE4 /* Extension.swift */ = {isa = PBXFileReference; fileEncoding = 4; lastKnownFileType = sourcecode.swift; path = Extension.swift; sourceTree = "<group>"; };
		ECEA83077D468102DD97B4F3 /* Pods-MobileSimulatorTests.release.xcconfig */ = {isa = PBXFileReference; includeInIndex = 1; lastKnownFileType = text.xcconfig; name = "Pods-MobileSimulatorTests.release.xcconfig"; path = "Pods/Target Support Files/Pods-MobileSimulatorTests/Pods-MobileSimulatorTests.release.xcconfig"; sourceTree = "<group>"; };
/* End PBXFileReference section */

/* Begin PBXFrameworksBuildPhase section */
		AFCE20F51A5F3A2200632744 /* Frameworks */ = {
			isa = PBXFrameworksBuildPhase;
			buildActionMask = 2147483647;
			files = (
				C80D08ABB60F09A3E855D97F /* libPods-MobileSimulator.a in Frameworks */,
			);
			runOnlyForDeploymentPostprocessing = 0;
		};
		AFCE210A1A5F3A2200632744 /* Frameworks */ = {
			isa = PBXFrameworksBuildPhase;
			buildActionMask = 2147483647;
			files = (
				F0D7677CB3699AFE5B23AD32 /* libPods-MobileSimulatorTests.a in Frameworks */,
			);
			runOnlyForDeploymentPostprocessing = 0;
		};
/* End PBXFrameworksBuildPhase section */

/* Begin PBXGroup section */
		537EE63D2286EBD3337817B1 /* Pods */ = {
			isa = PBXGroup;
			children = (
				4A67E27B7791D4705F2575CB /* Pods-MobileSimulator.debug.xcconfig */,
				56DCC7B9D61480CFD508C9E5 /* Pods-MobileSimulator.release.xcconfig */,
				40207044E40F949456977E4B /* Pods-MobileSimulatorTests.debug.xcconfig */,
				ECEA83077D468102DD97B4F3 /* Pods-MobileSimulatorTests.release.xcconfig */,
			);
			name = Pods;
			sourceTree = "<group>";
		};
		AFBCFD871A821470002AE921 /* Controllers */ = {
			isa = PBXGroup;
			children = (
				AFCE21431A5F5FB400632744 /* RootTabBarController.swift */,
				AFCE21261A5F4C1300632744 /* AUViewController.swift */,
				AFCE21281A5F4C2600632744 /* DocomoViewController.swift */,
				AFCE21241A5F4C0000632744 /* SoftbankViewController.swift */,
			);
			name = Controllers;
			sourceTree = "<group>";
		};
		AFBCFD881A821499002AE921 /* Models */ = {
			isa = PBXGroup;
			children = (
				AFC502381A957D00002A4BD1 /* AUPlans.swift */,
				AFC5023C1A957D46002A4BD1 /* DCMPlans.swift */,
				AFC5023A1A957D25002A4BD1 /* SBPlans.swift */,
			);
			name = Models;
			sourceTree = "<group>";
		};
		AFBCFD891A8214C9002AE921 /* Views */ = {
			isa = PBXGroup;
			children = (
			);
			name = Views;
			sourceTree = "<group>";
		};
		AFCE20EF1A5F3A2200632744 = {
			isa = PBXGroup;
			children = (
				AFCE20FA1A5F3A2200632744 /* MobileSimulator */,
				AFCE21101A5F3A2200632744 /* MobileSimulatorTests */,
				AFCE20F91A5F3A2200632744 /* Products */,
				537EE63D2286EBD3337817B1 /* Pods */,
				B83107D8B123A469CB611600 /* Frameworks */,
			);
			sourceTree = "<group>";
		};
		AFCE20F91A5F3A2200632744 /* Products */ = {
			isa = PBXGroup;
			children = (
				AFCE20F81A5F3A2200632744 /* MobileSimulator.app */,
				AFCE210D1A5F3A2200632744 /* MobileSimulatorTests.xctest */,
			);
			name = Products;
			sourceTree = "<group>";
		};
		AFCE20FA1A5F3A2200632744 /* MobileSimulator */ = {
			isa = PBXGroup;
			children = (
				AFCE20FD1A5F3A2200632744 /* AppDelegate.swift */,
				AFE7A76B1A9D0A010039FEE4 /* Extension.swift */,
				AFBCFD881A821499002AE921 /* Models */,
				AFBCFD891A8214C9002AE921 /* Views */,
				AFBCFD871A821470002AE921 /* Controllers */,
				AFCE21011A5F3A2200632744 /* Main.storyboard */,
				AFCE21041A5F3A2200632744 /* Images.xcassets */,
				AFCE21061A5F3A2200632744 /* LaunchScreen.xib */,
				AFCE20FB1A5F3A2200632744 /* Supporting Files */,
			);
			path = MobileSimulator;
			sourceTree = "<group>";
		};
		AFCE20FB1A5F3A2200632744 /* Supporting Files */ = {
			isa = PBXGroup;
			children = (
				AFE7A7511A9CDED50039FEE4 /* MobileSimulator-Bridging-Header.h */,
				AFCE21451A5F72B700632744 /* Images */,
				AFCE212A1A5F541800632744 /* FOT-ComicReggaeStd-B.otf */,
				AFCE20FC1A5F3A2200632744 /* Info.plist */,
			);
			name = "Supporting Files";
			sourceTree = "<group>";
		};
		AFCE21101A5F3A2200632744 /* MobileSimulatorTests */ = {
			isa = PBXGroup;
			children = (
				AFCE21131A5F3A2200632744 /* MobileSimulatorTests.swift */,
				AFCE21111A5F3A2200632744 /* Supporting Files */,
			);
			path = MobileSimulatorTests;
			sourceTree = "<group>";
		};
		AFCE21111A5F3A2200632744 /* Supporting Files */ = {
			isa = PBXGroup;
			children = (
				AFCE21121A5F3A2200632744 /* Info.plist */,
			);
			name = "Supporting Files";
			sourceTree = "<group>";
		};
		AFCE211D1A5F3CFE00632744 /* Defaults */ = {
			isa = PBXGroup;
			children = (
				AFCE211E1A5F3CFE00632744 /* Default-568h@2x.png */,
				AFCE211F1A5F3CFE00632744 /* Default-667h@2x.png */,
				AFCE21201A5F3CFE00632744 /* Default-736h@3x.png */,
			);
			name = Defaults;
			path = ../Defaults;
			sourceTree = "<group>";
		};
		AFCE21451A5F72B700632744 /* Images */ = {
			isa = PBXGroup;
			children = (
				AFCE211D1A5F3CFE00632744 /* Defaults */,
				AFE7A75A1A9CFD6A0039FEE4 /* TabbarBackground */,
				AFCE21461A5F72B700632744 /* Icon */,
				AFCE215A1A5F72B700632744 /* TabbarIcon */,
			);
			path = Images;
			sourceTree = "<group>";
		};
		AFCE21461A5F72B700632744 /* Icon */ = {
			isa = PBXGroup;
			children = (
				AFCE21471A5F72B700632744 /* Icon-40.png */,
				AFCE21481A5F72B700632744 /* Icon-40@2x.png */,
				AFCE21491A5F72B700632744 /* Icon-40@3x.png */,
				AFCE214A1A5F72B700632744 /* Icon-60.png */,
				AFCE214B1A5F72B700632744 /* Icon-60@2x.png */,
				AFCE214C1A5F72B700632744 /* Icon-60@3x.png */,
				AFCE214D1A5F72B700632744 /* Icon-72.png */,
				AFCE214E1A5F72B700632744 /* Icon-72@2x.png */,
				AFCE214F1A5F72B700632744 /* Icon-76.png */,
				AFCE21501A5F72B700632744 /* Icon-76@2x.png */,
				AFCE21511A5F72B700632744 /* Icon-Small-50.png */,
				AFCE21521A5F72B700632744 /* Icon-Small-50@2x.png */,
				AFCE21531A5F72B700632744 /* Icon-Small.png */,
				AFCE21541A5F72B700632744 /* Icon-Small@2x.png */,
				AFCE21551A5F72B700632744 /* Icon-Small@3x.png */,
				AFCE21561A5F72B700632744 /* Icon.png */,
				AFCE21571A5F72B700632744 /* Icon@2x.png */,
				AFCE21581A5F72B700632744 /* iTunesArtwork.png */,
				AFCE21591A5F72B700632744 /* iTunesArtwork@2x.png */,
			);
			path = Icon;
			sourceTree = "<group>";
		};
		AFCE215A1A5F72B700632744 /* TabbarIcon */ = {
			isa = PBXGroup;
			children = (
				AFE7A75F1A9D00460039FEE4 /* au_deselected@2x.png */,
				AFE7A7601A9D00460039FEE4 /* au_selected@2x.png */,
				AFE7A7611A9D00460039FEE4 /* docomo_deselected@2x.png */,
				AFE7A7621A9D00460039FEE4 /* docomo_selected@2x.png */,
				AFE7A7631A9D00460039FEE4 /* softbank_deselected@2x.png */,
				AFE7A7641A9D00460039FEE4 /* softbank_selected@2x.png */,
			);
			path = TabbarIcon;
			sourceTree = "<group>";
		};
		AFE7A75A1A9CFD6A0039FEE4 /* TabbarBackground */ = {
			isa = PBXGroup;
			children = (
				AFE7A75B1A9CFD6A0039FEE4 /* tabbar_bg_black.png */,
				AFE7A75C1A9CFD6A0039FEE4 /* tabbar_bg_black@2x.png */,
			);
			path = TabbarBackground;
			sourceTree = "<group>";
		};
		B83107D8B123A469CB611600 /* Frameworks */ = {
			isa = PBXGroup;
			children = (
				AAA6B29EFC0F387328D059BB /* libPods-MobileSimulator.a */,
				039D9A5CBA2914500E304838 /* libPods-MobileSimulatorTests.a */,
			);
			name = Frameworks;
			sourceTree = "<group>";
		};
/* End PBXGroup section */

/* Begin PBXNativeTarget section */
		AFCE20F71A5F3A2200632744 /* MobileSimulator */ = {
			isa = PBXNativeTarget;
			buildConfigurationList = AFCE21171A5F3A2200632744 /* Build configuration list for PBXNativeTarget "MobileSimulator" */;
			buildPhases = (
				4C5E5A39C4615425660560FB /* Check Pods Manifest.lock */,
				AFCE20F41A5F3A2200632744 /* Sources */,
				AFCE20F51A5F3A2200632744 /* Frameworks */,
				AFCE20F61A5F3A2200632744 /* Resources */,
				38F68A18290171CAFFC2EEEF /* Copy Pods Resources */,
			);
			buildRules = (
			);
			dependencies = (
			);
			name = MobileSimulator;
			productName = MobileSimulator;
			productReference = AFCE20F81A5F3A2200632744 /* MobileSimulator.app */;
			productType = "com.apple.product-type.application";
		};
		AFCE210C1A5F3A2200632744 /* MobileSimulatorTests */ = {
			isa = PBXNativeTarget;
			buildConfigurationList = AFCE211A1A5F3A2200632744 /* Build configuration list for PBXNativeTarget "MobileSimulatorTests" */;
			buildPhases = (
				7F445A1268B02A5064D567C7 /* Check Pods Manifest.lock */,
				AFCE21091A5F3A2200632744 /* Sources */,
				AFCE210A1A5F3A2200632744 /* Frameworks */,
				AFCE210B1A5F3A2200632744 /* Resources */,
				2DE4AA1E2CA60ABDA7F730CA /* Copy Pods Resources */,
			);
			buildRules = (
			);
			dependencies = (
				AFCE210F1A5F3A2200632744 /* PBXTargetDependency */,
			);
			name = MobileSimulatorTests;
			productName = MobileSimulatorTests;
			productReference = AFCE210D1A5F3A2200632744 /* MobileSimulatorTests.xctest */;
			productType = "com.apple.product-type.bundle.unit-test";
		};
/* End PBXNativeTarget section */

/* Begin PBXProject section */
		AFCE20F01A5F3A2200632744 /* Project object */ = {
			isa = PBXProject;
			attributes = {
				LastUpgradeCheck = 0610;
				ORGANIZATIONNAME = net.masuhara;
				TargetAttributes = {
					AFCE20F71A5F3A2200632744 = {
						CreatedOnToolsVersion = 6.1;
					};
					AFCE210C1A5F3A2200632744 = {
						CreatedOnToolsVersion = 6.1;
						TestTargetID = AFCE20F71A5F3A2200632744;
					};
				};
			};
			buildConfigurationList = AFCE20F31A5F3A2200632744 /* Build configuration list for PBXProject "MobileSimulator" */;
			compatibilityVersion = "Xcode 3.2";
			developmentRegion = English;
			hasScannedForEncodings = 0;
			knownRegions = (
				en,
				Base,
			);
			mainGroup = AFCE20EF1A5F3A2200632744;
			productRefGroup = AFCE20F91A5F3A2200632744 /* Products */;
			projectDirPath = "";
			projectRoot = "";
			targets = (
				AFCE20F71A5F3A2200632744 /* MobileSimulator */,
				AFCE210C1A5F3A2200632744 /* MobileSimulatorTests */,
			);
		};
/* End PBXProject section */

/* Begin PBXResourcesBuildPhase section */
		AFCE20F61A5F3A2200632744 /* Resources */ = {
			isa = PBXResourcesBuildPhase;
			buildActionMask = 2147483647;
			files = (
				AFCE21721A5F72B700632744 /* Icon-Small@3x.png in Resources */,
				AFCE21741A5F72B700632744 /* Icon@2x.png in Resources */,
				AFCE21641A5F72B700632744 /* Icon-40.png in Resources */,
				AFCE216C1A5F72B700632744 /* Icon-76.png in Resources */,
				AFCE21031A5F3A2200632744 /* Main.storyboard in Resources */,
				AFE7A76A1A9D00460039FEE4 /* softbank_selected@2x.png in Resources */,
				AFCE216E1A5F72B700632744 /* Icon-Small-50.png in Resources */,
				AFCE216B1A5F72B700632744 /* Icon-72@2x.png in Resources */,
				AFCE21211A5F3CFE00632744 /* Default-568h@2x.png in Resources */,
				AFCE21711A5F72B700632744 /* Icon-Small@2x.png in Resources */,
				AFCE21651A5F72B700632744 /* Icon-40@2x.png in Resources */,
				AFCE21731A5F72B700632744 /* Icon.png in Resources */,
				AFCE216D1A5F72B700632744 /* Icon-76@2x.png in Resources */,
				AFE7A7651A9D00460039FEE4 /* au_deselected@2x.png in Resources */,
				AFCE21701A5F72B700632744 /* Icon-Small.png in Resources */,
				AFCE216F1A5F72B700632744 /* Icon-Small-50@2x.png in Resources */,
				AFE7A7671A9D00460039FEE4 /* docomo_deselected@2x.png in Resources */,
				AFCE21671A5F72B700632744 /* Icon-60.png in Resources */,
				AFCE216A1A5F72B700632744 /* Icon-72.png in Resources */,
				AFE7A75E1A9CFD6A0039FEE4 /* tabbar_bg_black@2x.png in Resources */,
				AFCE21661A5F72B700632744 /* Icon-40@3x.png in Resources */,
				AFE7A7661A9D00460039FEE4 /* au_selected@2x.png in Resources */,
				AFCE21081A5F3A2200632744 /* LaunchScreen.xib in Resources */,
				AFCE21051A5F3A2200632744 /* Images.xcassets in Resources */,
				AFE7A75D1A9CFD6A0039FEE4 /* tabbar_bg_black.png in Resources */,
				AFCE212B1A5F541800632744 /* FOT-ComicReggaeStd-B.otf in Resources */,
				AFCE21691A5F72B700632744 /* Icon-60@3x.png in Resources */,
				AFE7A7691A9D00460039FEE4 /* softbank_deselected@2x.png in Resources */,
				AFCE21221A5F3CFE00632744 /* Default-667h@2x.png in Resources */,
				AFCE21231A5F3CFE00632744 /* Default-736h@3x.png in Resources */,
				AFE7A7681A9D00460039FEE4 /* docomo_selected@2x.png in Resources */,
				AFCE21761A5F72B700632744 /* iTunesArtwork@2x.png in Resources */,
				AFCE21751A5F72B700632744 /* iTunesArtwork.png in Resources */,
				AFCE21681A5F72B700632744 /* Icon-60@2x.png in Resources */,
			);
			runOnlyForDeploymentPostprocessing = 0;
		};
		AFCE210B1A5F3A2200632744 /* Resources */ = {
			isa = PBXResourcesBuildPhase;
			buildActionMask = 2147483647;
			files = (
			);
			runOnlyForDeploymentPostprocessing = 0;
		};
/* End PBXResourcesBuildPhase section */

/* Begin PBXShellScriptBuildPhase section */
		2DE4AA1E2CA60ABDA7F730CA /* Copy Pods Resources */ = {
			isa = PBXShellScriptBuildPhase;
			buildActionMask = 2147483647;
			files = (
			);
			inputPaths = (
			);
			name = "Copy Pods Resources";
			outputPaths = (
			);
			runOnlyForDeploymentPostprocessing = 0;
			shellPath = /bin/sh;
			shellScript = "\"${SRCROOT}/Pods/Target Support Files/Pods-MobileSimulatorTests/Pods-MobileSimulatorTests-resources.sh\"\n";
			showEnvVarsInLog = 0;
		};
		38F68A18290171CAFFC2EEEF /* Copy Pods Resources */ = {
			isa = PBXShellScriptBuildPhase;
			buildActionMask = 2147483647;
			files = (
			);
			inputPaths = (
			);
			name = "Copy Pods Resources";
			outputPaths = (
			);
			runOnlyForDeploymentPostprocessing = 0;
			shellPath = /bin/sh;
			shellScript = "\"${SRCROOT}/Pods/Target Support Files/Pods-MobileSimulator/Pods-MobileSimulator-resources.sh\"\n";
			showEnvVarsInLog = 0;
		};
		4C5E5A39C4615425660560FB /* Check Pods Manifest.lock */ = {
			isa = PBXShellScriptBuildPhase;
			buildActionMask = 2147483647;
			files = (
			);
			inputPaths = (
			);
			name = "Check Pods Manifest.lock";
			outputPaths = (
			);
			runOnlyForDeploymentPostprocessing = 0;
			shellPath = /bin/sh;
			shellScript = "diff \"${PODS_ROOT}/../Podfile.lock\" \"${PODS_ROOT}/Manifest.lock\" > /dev/null\nif [[ $? != 0 ]] ; then\n    cat << EOM\nerror: The sandbox is not in sync with the Podfile.lock. Run 'pod install' or update your CocoaPods installation.\nEOM\n    exit 1\nfi\n";
			showEnvVarsInLog = 0;
		};
		7F445A1268B02A5064D567C7 /* Check Pods Manifest.lock */ = {
			isa = PBXShellScriptBuildPhase;
			buildActionMask = 2147483647;
			files = (
			);
			inputPaths = (
			);
			name = "Check Pods Manifest.lock";
			outputPaths = (
			);
			runOnlyForDeploymentPostprocessing = 0;
			shellPath = /bin/sh;
			shellScript = "diff \"${PODS_ROOT}/../Podfile.lock\" \"${PODS_ROOT}/Manifest.lock\" > /dev/null\nif [[ $? != 0 ]] ; then\n    cat << EOM\nerror: The sandbox is not in sync with the Podfile.lock. Run 'pod install' or update your CocoaPods installation.\nEOM\n    exit 1\nfi\n";
			showEnvVarsInLog = 0;
		};
/* End PBXShellScriptBuildPhase section */

/* Begin PBXSourcesBuildPhase section */
		AFCE20F41A5F3A2200632744 /* Sources */ = {
			isa = PBXSourcesBuildPhase;
			buildActionMask = 2147483647;
			files = (
				AFE7A76C1A9D0A010039FEE4 /* Extension.swift in Sources */,
				AFC5023B1A957D25002A4BD1 /* SBPlans.swift in Sources */,
				AFCE21291A5F4C2600632744 /* DocomoViewController.swift in Sources */,
				AFCE21441A5F5FB400632744 /* RootTabBarController.swift in Sources */,
				AFC5023D1A957D46002A4BD1 /* DCMPlans.swift in Sources */,
				AFCE21251A5F4C0000632744 /* SoftbankViewController.swift in Sources */,
				AFC502391A957D00002A4BD1 /* AUPlans.swift in Sources */,
				AFCE21271A5F4C1300632744 /* AUViewController.swift in Sources */,
				AFCE20FE1A5F3A2200632744 /* AppDelegate.swift in Sources */,
			);
			runOnlyForDeploymentPostprocessing = 0;
		};
		AFCE21091A5F3A2200632744 /* Sources */ = {
			isa = PBXSourcesBuildPhase;
			buildActionMask = 2147483647;
			files = (
				AFCE21141A5F3A2200632744 /* MobileSimulatorTests.swift in Sources */,
			);
			runOnlyForDeploymentPostprocessing = 0;
		};
/* End PBXSourcesBuildPhase section */

/* Begin PBXTargetDependency section */
		AFCE210F1A5F3A2200632744 /* PBXTargetDependency */ = {
			isa = PBXTargetDependency;
			target = AFCE20F71A5F3A2200632744 /* MobileSimulator */;
			targetProxy = AFCE210E1A5F3A2200632744 /* PBXContainerItemProxy */;
		};
/* End PBXTargetDependency section */

/* Begin PBXVariantGroup section */
		AFCE21011A5F3A2200632744 /* Main.storyboard */ = {
			isa = PBXVariantGroup;
			children = (
				AFCE21021A5F3A2200632744 /* Base */,
			);
			name = Main.storyboard;
			sourceTree = "<group>";
		};
		AFCE21061A5F3A2200632744 /* LaunchScreen.xib */ = {
			isa = PBXVariantGroup;
			children = (
				AFCE21071A5F3A2200632744 /* Base */,
			);
			name = LaunchScreen.xib;
			sourceTree = "<group>";
		};
/* End PBXVariantGroup section */

/* Begin XCBuildConfiguration section */
		AFCE21151A5F3A2200632744 /* Debug */ = {
			isa = XCBuildConfiguration;
			buildSettings = {
				ALWAYS_SEARCH_USER_PATHS = NO;
				CLANG_CXX_LANGUAGE_STANDARD = "gnu++0x";
				CLANG_CXX_LIBRARY = "libc++";
				CLANG_ENABLE_MODULES = YES;
				CLANG_ENABLE_OBJC_ARC = YES;
				CLANG_WARN_BOOL_CONVERSION = YES;
				CLANG_WARN_CONSTANT_CONVERSION = YES;
				CLANG_WARN_DIRECT_OBJC_ISA_USAGE = YES_ERROR;
				CLANG_WARN_EMPTY_BODY = YES;
				CLANG_WARN_ENUM_CONVERSION = YES;
				CLANG_WARN_INT_CONVERSION = YES;
				CLANG_WARN_OBJC_ROOT_CLASS = YES_ERROR;
				CLANG_WARN_UNREACHABLE_CODE = YES;
				CLANG_WARN__DUPLICATE_METHOD_MATCH = YES;
				"CODE_SIGN_IDENTITY[sdk=iphoneos*]" = "iPhone Developer";
				COPY_PHASE_STRIP = NO;
				ENABLE_STRICT_OBJC_MSGSEND = YES;
				GCC_C_LANGUAGE_STANDARD = gnu99;
				GCC_DYNAMIC_NO_PIC = NO;
				GCC_OPTIMIZATION_LEVEL = 0;
				GCC_PREPROCESSOR_DEFINITIONS = (
					"DEBUG=1",
					"$(inherited)",
				);
				GCC_SYMBOLS_PRIVATE_EXTERN = NO;
				GCC_WARN_64_TO_32_BIT_CONVERSION = YES;
				GCC_WARN_ABOUT_RETURN_TYPE = YES_ERROR;
				GCC_WARN_UNDECLARED_SELECTOR = YES;
				GCC_WARN_UNINITIALIZED_AUTOS = YES_AGGRESSIVE;
				GCC_WARN_UNUSED_FUNCTION = YES;
				GCC_WARN_UNUSED_VARIABLE = YES;
				IPHONEOS_DEPLOYMENT_TARGET = 8.1;
				MTL_ENABLE_DEBUG_INFO = YES;
				ONLY_ACTIVE_ARCH = YES;
				SDKROOT = iphoneos;
				SWIFT_OPTIMIZATION_LEVEL = "-Onone";
			};
			name = Debug;
		};
		AFCE21161A5F3A2200632744 /* Release */ = {
			isa = XCBuildConfiguration;
			buildSettings = {
				ALWAYS_SEARCH_USER_PATHS = NO;
				CLANG_CXX_LANGUAGE_STANDARD = "gnu++0x";
				CLANG_CXX_LIBRARY = "libc++";
				CLANG_ENABLE_MODULES = YES;
				CLANG_ENABLE_OBJC_ARC = YES;
				CLANG_WARN_BOOL_CONVERSION = YES;
				CLANG_WARN_CONSTANT_CONVERSION = YES;
				CLANG_WARN_DIRECT_OBJC_ISA_USAGE = YES_ERROR;
				CLANG_WARN_EMPTY_BODY = YES;
				CLANG_WARN_ENUM_CONVERSION = YES;
				CLANG_WARN_INT_CONVERSION = YES;
				CLANG_WARN_OBJC_ROOT_CLASS = YES_ERROR;
				CLANG_WARN_UNREACHABLE_CODE = YES;
				CLANG_WARN__DUPLICATE_METHOD_MATCH = YES;
				"CODE_SIGN_IDENTITY[sdk=iphoneos*]" = "iPhone Developer";
				COPY_PHASE_STRIP = YES;
				ENABLE_NS_ASSERTIONS = NO;
				ENABLE_STRICT_OBJC_MSGSEND = YES;
				GCC_C_LANGUAGE_STANDARD = gnu99;
				GCC_WARN_64_TO_32_BIT_CONVERSION = YES;
				GCC_WARN_ABOUT_RETURN_TYPE = YES_ERROR;
				GCC_WARN_UNDECLARED_SELECTOR = YES;
				GCC_WARN_UNINITIALIZED_AUTOS = YES_AGGRESSIVE;
				GCC_WARN_UNUSED_FUNCTION = YES;
				GCC_WARN_UNUSED_VARIABLE = YES;
				IPHONEOS_DEPLOYMENT_TARGET = 8.1;
				MTL_ENABLE_DEBUG_INFO = NO;
				SDKROOT = iphoneos;
				VALIDATE_PRODUCT = YES;
			};
			name = Release;
		};
		AFCE21181A5F3A2200632744 /* Debug */ = {
			isa = XCBuildConfiguration;
			baseConfigurationReference = 4A67E27B7791D4705F2575CB /* Pods-MobileSimulator.debug.xcconfig */;
			buildSettings = {
				ASSETCATALOG_COMPILER_APPICON_NAME = AppIcon;
				CLANG_ENABLE_MODULES = YES;
				INFOPLIST_FILE = MobileSimulator/Info.plist;
				IPHONEOS_DEPLOYMENT_TARGET = 7.0;
				LD_RUNPATH_SEARCH_PATHS = "$(inherited) @executable_path/Frameworks";
				PRODUCT_NAME = "$(TARGET_NAME)";
				SWIFT_OBJC_BRIDGING_HEADER = "MobileSimulator/Defaults/MobileSimulator-Bridging-Header.h";
				SWIFT_OPTIMIZATION_LEVEL = "-Onone";
			};
			name = Debug;
		};
		AFCE21191A5F3A2200632744 /* Release */ = {
			isa = XCBuildConfiguration;
			baseConfigurationReference = 56DCC7B9D61480CFD508C9E5 /* Pods-MobileSimulator.release.xcconfig */;
			buildSettings = {
				ASSETCATALOG_COMPILER_APPICON_NAME = AppIcon;
				CLANG_ENABLE_MODULES = YES;
				INFOPLIST_FILE = MobileSimulator/Info.plist;
				IPHONEOS_DEPLOYMENT_TARGET = 7.0;
				LD_RUNPATH_SEARCH_PATHS = "$(inherited) @executable_path/Frameworks";
				PRODUCT_NAME = "$(TARGET_NAME)";
				SWIFT_OBJC_BRIDGING_HEADER = "MobileSimulator/Defaults/MobileSimulator-Bridging-Header.h";
			};
			name = Release;
		};
		AFCE211B1A5F3A2200632744 /* Debug */ = {
			isa = XCBuildConfiguration;
			baseConfigurationReference = 40207044E40F949456977E4B /* Pods-MobileSimulatorTests.debug.xcconfig */;
			buildSettings = {
				BUNDLE_LOADER = "$(TEST_HOST)";
				FRAMEWORK_SEARCH_PATHS = (
					"$(SDKROOT)/Developer/Library/Frameworks",
					"$(inherited)",
				);
				GCC_PREPROCESSOR_DEFINITIONS = (
					"DEBUG=1",
					"$(inherited)",
				);
				INFOPLIST_FILE = MobileSimulatorTests/Info.plist;
				LD_RUNPATH_SEARCH_PATHS = "$(inherited) @executable_path/Frameworks @loader_path/Frameworks";
				PRODUCT_NAME = "$(TARGET_NAME)";
				TEST_HOST = "$(BUILT_PRODUCTS_DIR)/MobileSimulator.app/MobileSimulator";
			};
			name = Debug;
		};
		AFCE211C1A5F3A2200632744 /* Release */ = {
			isa = XCBuildConfiguration;
			baseConfigurationReference = ECEA83077D468102DD97B4F3 /* Pods-MobileSimulatorTests.release.xcconfig */;
			buildSettings = {
				BUNDLE_LOADER = "$(TEST_HOST)";
				FRAMEWORK_SEARCH_PATHS = (
					"$(SDKROOT)/Developer/Library/Frameworks",
					"$(inherited)",
				);
				INFOPLIST_FILE = MobileSimulatorTests/Info.plist;
				LD_RUNPATH_SEARCH_PATHS = "$(inherited) @executable_path/Frameworks @loader_path/Frameworks";
				PRODUCT_NAME = "$(TARGET_NAME)";
				TEST_HOST = "$(BUILT_PRODUCTS_DIR)/MobileSimulator.app/MobileSimulator";
			};
			name = Release;
		};
/* End XCBuildConfiguration section */

/* Begin XCConfigurationList section */
		AFCE20F31A5F3A2200632744 /* Build configuration list for PBXProject "MobileSimulator" */ = {
			isa = XCConfigurationList;
			buildConfigurations = (
				AFCE21151A5F3A2200632744 /* Debug */,
				AFCE21161A5F3A2200632744 /* Release */,
			);
			defaultConfigurationIsVisible = 0;
			defaultConfigurationName = Release;
		};
		AFCE21171A5F3A2200632744 /* Build configuration list for PBXNativeTarget "MobileSimulator" */ = {
			isa = XCConfigurationList;
			buildConfigurations = (
				AFCE21181A5F3A2200632744 /* Debug */,
				AFCE21191A5F3A2200632744 /* Release */,
			);
			defaultConfigurationIsVisible = 0;
			defaultConfigurationName = Release;
		};
		AFCE211A1A5F3A2200632744 /* Build configuration list for PBXNativeTarget "MobileSimulatorTests" */ = {
			isa = XCConfigurationList;
			buildConfigurations = (
				AFCE211B1A5F3A2200632744 /* Debug */,
				AFCE211C1A5F3A2200632744 /* Release */,
			);
			defaultConfigurationIsVisible = 0;
			defaultConfigurationName = Release;
		};
/* End XCConfigurationList section */
	};
	rootObject = AFCE20F01A5F3A2200632744 /* Project object */;
}
